// !$*UTF8*$!
{
	archiveVersion = 1;
	classes = {
	};
	objectVersion = 46;
	objects = {

/* Begin PBXBuildFile section */
		303358CF1BBB5BC9002F5E92 /* OpenSans-Regular.ttf in Resources */ = {isa = PBXBuildFile; fileRef = 303358C51BBB5BC9002F5E92 /* OpenSans-Regular.ttf */; };
		303358D01BBB5BC9002F5E92 /* OpenSans-Semibold.ttf in Resources */ = {isa = PBXBuildFile; fileRef = 303358C61BBB5BC9002F5E92 /* OpenSans-Semibold.ttf */; };
		380FD8421BC6852600162D85 /* LaunchScreen.storyboard in Resources */ = {isa = PBXBuildFile; fileRef = 380FD8411BC6852600162D85 /* LaunchScreen.storyboard */; };
		38130D241B9F110100AA2AA8 /* AppDelegate.swift in Sources */ = {isa = PBXBuildFile; fileRef = 38130D231B9F110100AA2AA8 /* AppDelegate.swift */; };
		38130D261B9F110100AA2AA8 /* ViewController.swift in Sources */ = {isa = PBXBuildFile; fileRef = 38130D251B9F110100AA2AA8 /* ViewController.swift */; };
		38130D391B9F110100AA2AA8 /* Example_SwiftTests.swift in Sources */ = {isa = PBXBuildFile; fileRef = 38130D381B9F110100AA2AA8 /* Example_SwiftTests.swift */; };
		38130D4B1B9F133C00AA2AA8 /* YesGraphSDK.framework in Frameworks */ = {isa = PBXBuildFile; fileRef = 38130D471B9F130A00AA2AA8 /* YesGraphSDK.framework */; };
		38130D4C1B9F133C00AA2AA8 /* YesGraphSDK.framework in Embed Frameworks */ = {isa = PBXBuildFile; fileRef = 38130D471B9F130A00AA2AA8 /* YesGraphSDK.framework */; settings = {ATTRIBUTES = (CodeSignOnCopy, RemoveHeadersOnCopy, ); }; };
		38FBA0A81BC7C2BF0030C473 /* Main.storyboard in Resources */ = {isa = PBXBuildFile; fileRef = 38FBA0A71BC7C2BF0030C473 /* Main.storyboard */; };
		3EFDB0B51BAC48B300F51816 /* Images.xcassets in Resources */ = {isa = PBXBuildFile; fileRef = 3EFDB0B41BAC48B300F51816 /* Images.xcassets */; };
		E8DCAE971BD5800E00581AE6 /* CommonStrings.swift in Sources */ = {isa = PBXBuildFile; fileRef = E8DCAE911BD5800E00581AE6 /* CommonStrings.swift */; };
		E8DCAE981BD5800E00581AE6 /* ExampleContactsOnlyTests.swift in Sources */ = {isa = PBXBuildFile; fileRef = E8DCAE921BD5800E00581AE6 /* ExampleContactsOnlyTests.swift */; };
		E8DCAE991BD5800E00581AE6 /* FacebookAndTwitterAndContactsTests.swift in Sources */ = {isa = PBXBuildFile; fileRef = E8DCAE931BD5800E00581AE6 /* FacebookAndTwitterAndContactsTests.swift */; };
		E8DCAE9A1BD5800E00581AE6 /* HammerTheAppTests.swift in Sources */ = {isa = PBXBuildFile; fileRef = E8DCAE941BD5800E00581AE6 /* HammerTheAppTests.swift */; };
		E8DCAE9B1BD5800E00581AE6 /* TwitterAndContactsTests.swift in Sources */ = {isa = PBXBuildFile; fileRef = E8DCAE951BD5800E00581AE6 /* TwitterAndContactsTests.swift */; };
		E8DCAE9C1BD5800E00581AE6 /* YSGTestMockData.swift in Sources */ = {isa = PBXBuildFile; fileRef = E8DCAE961BD5800E00581AE6 /* YSGTestMockData.swift */; };
/* End PBXBuildFile section */

/* Begin PBXContainerItemProxy section */
		38130D351B9F110100AA2AA8 /* PBXContainerItemProxy */ = {
			isa = PBXContainerItemProxy;
			containerPortal = 38130D181B9F110100AA2AA8 /* Project object */;
			proxyType = 1;
			remoteGlobalIDString = 38130D1F1B9F110100AA2AA8;
			remoteInfo = "Example-Swift";
		};
		E8DCAE701BD57FCF00581AE6 /* PBXContainerItemProxy */ = {
			isa = PBXContainerItemProxy;
			containerPortal = 38130D181B9F110100AA2AA8 /* Project object */;
			proxyType = 1;
			remoteGlobalIDString = 38130D1F1B9F110100AA2AA8;
			remoteInfo = "Example-Swift";
		};
/* End PBXContainerItemProxy section */

/* Begin PBXCopyFilesBuildPhase section */
		38130D4D1B9F133C00AA2AA8 /* Embed Frameworks */ = {
			isa = PBXCopyFilesBuildPhase;
			buildActionMask = 2147483647;
			dstPath = "";
			dstSubfolderSpec = 10;
			files = (
				38130D4C1B9F133C00AA2AA8 /* YesGraphSDK.framework in Embed Frameworks */,
			);
			name = "Embed Frameworks";
			runOnlyForDeploymentPostprocessing = 0;
		};
/* End PBXCopyFilesBuildPhase section */

/* Begin PBXFileReference section */
		303358C51BBB5BC9002F5E92 /* OpenSans-Regular.ttf */ = {isa = PBXFileReference; lastKnownFileType = file; name = "OpenSans-Regular.ttf"; path = "../../Resources/OpenSans-Regular.ttf"; sourceTree = "<group>"; };
		303358C61BBB5BC9002F5E92 /* OpenSans-Semibold.ttf */ = {isa = PBXFileReference; lastKnownFileType = file; name = "OpenSans-Semibold.ttf"; path = "../../Resources/OpenSans-Semibold.ttf"; sourceTree = "<group>"; };
		380FD8411BC6852600162D85 /* LaunchScreen.storyboard */ = {isa = PBXFileReference; fileEncoding = 4; lastKnownFileType = file.storyboard; name = LaunchScreen.storyboard; path = ../../Resources/LaunchScreen.storyboard; sourceTree = "<group>"; };
		38130D201B9F110100AA2AA8 /* Example-Swift.app */ = {isa = PBXFileReference; explicitFileType = wrapper.application; includeInIndex = 0; path = "Example-Swift.app"; sourceTree = BUILT_PRODUCTS_DIR; };
		38130D231B9F110100AA2AA8 /* AppDelegate.swift */ = {isa = PBXFileReference; lastKnownFileType = sourcecode.swift; path = AppDelegate.swift; sourceTree = "<group>"; };
		38130D251B9F110100AA2AA8 /* ViewController.swift */ = {isa = PBXFileReference; lastKnownFileType = sourcecode.swift; path = ViewController.swift; sourceTree = "<group>"; };
		38130D2F1B9F110100AA2AA8 /* Info.plist */ = {isa = PBXFileReference; lastKnownFileType = text.plist.xml; path = Info.plist; sourceTree = "<group>"; };
		38130D341B9F110100AA2AA8 /* Example-Swift.xctest */ = {isa = PBXFileReference; explicitFileType = wrapper.cfbundle; includeInIndex = 0; path = "Example-Swift.xctest"; sourceTree = BUILT_PRODUCTS_DIR; };
		38130D381B9F110100AA2AA8 /* Example_SwiftTests.swift */ = {isa = PBXFileReference; lastKnownFileType = sourcecode.swift; path = Example_SwiftTests.swift; sourceTree = "<group>"; };
		38130D3A1B9F110100AA2AA8 /* Info.plist */ = {isa = PBXFileReference; lastKnownFileType = text.plist.xml; path = Info.plist; sourceTree = "<group>"; };
		38130D471B9F130A00AA2AA8 /* YesGraphSDK.framework */ = {isa = PBXFileReference; explicitFileType = wrapper.framework; path = YesGraphSDK.framework; sourceTree = BUILT_PRODUCTS_DIR; };
		38FBA0A71BC7C2BF0030C473 /* Main.storyboard */ = {isa = PBXFileReference; fileEncoding = 4; lastKnownFileType = file.storyboard; path = Main.storyboard; sourceTree = "<group>"; };
		3EFDB0B41BAC48B300F51816 /* Images.xcassets */ = {isa = PBXFileReference; lastKnownFileType = folder.assetcatalog; name = Images.xcassets; path = ../../Resources/Images.xcassets; sourceTree = "<group>"; };
		E8DCAE6B1BD57FCF00581AE6 /* Example-Swift.xctest */ = {isa = PBXFileReference; explicitFileType = wrapper.cfbundle; includeInIndex = 0; path = "Example-Swift.xctest"; sourceTree = BUILT_PRODUCTS_DIR; };
		E8DCAE6F1BD57FCF00581AE6 /* Info.plist */ = {isa = PBXFileReference; lastKnownFileType = text.plist.xml; path = Info.plist; sourceTree = "<group>"; };
		E8DCAE911BD5800E00581AE6 /* CommonStrings.swift */ = {isa = PBXFileReference; fileEncoding = 4; lastKnownFileType = sourcecode.swift; path = CommonStrings.swift; sourceTree = "<group>"; };
		E8DCAE921BD5800E00581AE6 /* ExampleContactsOnlyTests.swift */ = {isa = PBXFileReference; fileEncoding = 4; lastKnownFileType = sourcecode.swift; path = ExampleContactsOnlyTests.swift; sourceTree = "<group>"; };
		E8DCAE931BD5800E00581AE6 /* FacebookAndTwitterAndContactsTests.swift */ = {isa = PBXFileReference; fileEncoding = 4; lastKnownFileType = sourcecode.swift; path = FacebookAndTwitterAndContactsTests.swift; sourceTree = "<group>"; };
		E8DCAE941BD5800E00581AE6 /* HammerTheAppTests.swift */ = {isa = PBXFileReference; fileEncoding = 4; lastKnownFileType = sourcecode.swift; path = HammerTheAppTests.swift; sourceTree = "<group>"; };
		E8DCAE951BD5800E00581AE6 /* TwitterAndContactsTests.swift */ = {isa = PBXFileReference; fileEncoding = 4; lastKnownFileType = sourcecode.swift; path = TwitterAndContactsTests.swift; sourceTree = "<group>"; };
		E8DCAE961BD5800E00581AE6 /* YSGTestMockData.swift */ = {isa = PBXFileReference; fileEncoding = 4; lastKnownFileType = sourcecode.swift; path = YSGTestMockData.swift; sourceTree = "<group>"; };
/* End PBXFileReference section */

/* Begin PBXFrameworksBuildPhase section */
		38130D1D1B9F110100AA2AA8 /* Frameworks */ = {
			isa = PBXFrameworksBuildPhase;
			buildActionMask = 2147483647;
			files = (
				38130D4B1B9F133C00AA2AA8 /* YesGraphSDK.framework in Frameworks */,
			);
			runOnlyForDeploymentPostprocessing = 0;
		};
		38130D311B9F110100AA2AA8 /* Frameworks */ = {
			isa = PBXFrameworksBuildPhase;
			buildActionMask = 2147483647;
			files = (
			);
			runOnlyForDeploymentPostprocessing = 0;
		};
		E8DCAE681BD57FCF00581AE6 /* Frameworks */ = {
			isa = PBXFrameworksBuildPhase;
			buildActionMask = 2147483647;
			files = (
			);
			runOnlyForDeploymentPostprocessing = 0;
		};
/* End PBXFrameworksBuildPhase section */

/* Begin PBXGroup section */
		303358BD1BBB5BC0002F5E92 /* Fonts */ = {
			isa = PBXGroup;
			children = (
				303358C51BBB5BC9002F5E92 /* OpenSans-Regular.ttf */,
				303358C61BBB5BC9002F5E92 /* OpenSans-Semibold.ttf */,
			);
			name = Fonts;
			sourceTree = "<group>";
		};
		38130D171B9F110100AA2AA8 = {
			isa = PBXGroup;
			children = (
				38130D221B9F110100AA2AA8 /* Example-Swift */,
				38130D371B9F110100AA2AA8 /* Example-SwiftTests */,
				E8DCAE6C1BD57FCF00581AE6 /* Example-SwiftUITests */,
				38130D4E1B9F136900AA2AA8 /* Frameworks */,
				38130D211B9F110100AA2AA8 /* Products */,
			);
			sourceTree = "<group>";
		};
		38130D211B9F110100AA2AA8 /* Products */ = {
			isa = PBXGroup;
			children = (
				38130D201B9F110100AA2AA8 /* Example-Swift.app */,
				38130D341B9F110100AA2AA8 /* Example-Swift.xctest */,
				E8DCAE6B1BD57FCF00581AE6 /* Example-Swift.xctest */,
			);
			name = Products;
			sourceTree = "<group>";
		};
		38130D221B9F110100AA2AA8 /* Example-Swift */ = {
			isa = PBXGroup;
			children = (
				303358BD1BBB5BC0002F5E92 /* Fonts */,
				3EFDB0B41BAC48B300F51816 /* Images.xcassets */,
				38130D231B9F110100AA2AA8 /* AppDelegate.swift */,
				38130D251B9F110100AA2AA8 /* ViewController.swift */,
				380FD8411BC6852600162D85 /* LaunchScreen.storyboard */,
				38FBA0A71BC7C2BF0030C473 /* Main.storyboard */,
				38130D2F1B9F110100AA2AA8 /* Info.plist */,
			);
			path = "Example-Swift";
			sourceTree = "<group>";
		};
		38130D371B9F110100AA2AA8 /* Example-SwiftTests */ = {
			isa = PBXGroup;
			children = (
				38130D381B9F110100AA2AA8 /* Example_SwiftTests.swift */,
				38130D3A1B9F110100AA2AA8 /* Info.plist */,
			);
			path = "Example-SwiftTests";
			sourceTree = "<group>";
		};
		38130D4E1B9F136900AA2AA8 /* Frameworks */ = {
			isa = PBXGroup;
			children = (
				38130D471B9F130A00AA2AA8 /* YesGraphSDK.framework */,
			);
			name = Frameworks;
			sourceTree = "<group>";
		};
		E8DCAE6C1BD57FCF00581AE6 /* Example-SwiftUITests */ = {
			isa = PBXGroup;
			children = (
				E8DCAE911BD5800E00581AE6 /* CommonStrings.swift */,
				E8DCAE921BD5800E00581AE6 /* ExampleContactsOnlyTests.swift */,
				E8DCAE931BD5800E00581AE6 /* FacebookAndTwitterAndContactsTests.swift */,
				E8DCAE941BD5800E00581AE6 /* HammerTheAppTests.swift */,
				E8DCAE951BD5800E00581AE6 /* TwitterAndContactsTests.swift */,
				E8DCAE961BD5800E00581AE6 /* YSGTestMockData.swift */,
				E8DCAE6F1BD57FCF00581AE6 /* Info.plist */,
			);
			path = "Example-SwiftUITests";
			sourceTree = "<group>";
		};
/* End PBXGroup section */

/* Begin PBXNativeTarget section */
		38130D1F1B9F110100AA2AA8 /* Example-Swift */ = {
			isa = PBXNativeTarget;
			buildConfigurationList = 38130D3D1B9F110100AA2AA8 /* Build configuration list for PBXNativeTarget "Example-Swift" */;
			buildPhases = (
				38130D1C1B9F110100AA2AA8 /* Sources */,
				38130D1D1B9F110100AA2AA8 /* Frameworks */,
				38130D1E1B9F110100AA2AA8 /* Resources */,
				38130D4D1B9F133C00AA2AA8 /* Embed Frameworks */,
			);
			buildRules = (
			);
			dependencies = (
			);
			name = "Example-Swift";
			productName = "Example-Swift";
			productReference = 38130D201B9F110100AA2AA8 /* Example-Swift.app */;
			productType = "com.apple.product-type.application";
		};
		38130D331B9F110100AA2AA8 /* Example-SwiftTests */ = {
			isa = PBXNativeTarget;
			buildConfigurationList = 38130D401B9F110100AA2AA8 /* Build configuration list for PBXNativeTarget "Example-SwiftTests" */;
			buildPhases = (
				38130D301B9F110100AA2AA8 /* Sources */,
				38130D311B9F110100AA2AA8 /* Frameworks */,
				38130D321B9F110100AA2AA8 /* Resources */,
			);
			buildRules = (
			);
			dependencies = (
				38130D361B9F110100AA2AA8 /* PBXTargetDependency */,
			);
			name = "Example-SwiftTests";
			productName = "Example-SwiftTests";
			productReference = 38130D341B9F110100AA2AA8 /* Example-Swift.xctest */;
			productType = "com.apple.product-type.bundle.unit-test";
		};
		E8DCAE6A1BD57FCF00581AE6 /* Example-SwiftUITests */ = {
			isa = PBXNativeTarget;
			buildConfigurationList = E8DCAE721BD57FCF00581AE6 /* Build configuration list for PBXNativeTarget "Example-SwiftUITests" */;
			buildPhases = (
				E8DCAE671BD57FCF00581AE6 /* Sources */,
				E8DCAE681BD57FCF00581AE6 /* Frameworks */,
				E8DCAE691BD57FCF00581AE6 /* Resources */,
			);
			buildRules = (
			);
			dependencies = (
				E8DCAE711BD57FCF00581AE6 /* PBXTargetDependency */,
			);
			name = "Example-SwiftUITests";
			productName = "Example-SwiftUITests";
			productReference = E8DCAE6B1BD57FCF00581AE6 /* Example-Swift.xctest */;
			productType = "com.apple.product-type.bundle.ui-testing";
		};
/* End PBXNativeTarget section */

/* Begin PBXProject section */
		38130D181B9F110100AA2AA8 /* Project object */ = {
			isa = PBXProject;
			attributes = {
				LastSwiftUpdateCheck = 0710;
				LastUpgradeCheck = 0700;
				ORGANIZATIONNAME = "Dal Rupnik";
				TargetAttributes = {
					38130D1F1B9F110100AA2AA8 = {
						CreatedOnToolsVersion = 7.0;
					};
					38130D331B9F110100AA2AA8 = {
						CreatedOnToolsVersion = 7.0;
						TestTargetID = 38130D1F1B9F110100AA2AA8;
					};
					E8DCAE6A1BD57FCF00581AE6 = {
						CreatedOnToolsVersion = 7.0.1;
						TestTargetID = 38130D1F1B9F110100AA2AA8;
					};
				};
			};
			buildConfigurationList = 38130D1B1B9F110100AA2AA8 /* Build configuration list for PBXProject "Example-Swift" */;
			compatibilityVersion = "Xcode 3.2";
			developmentRegion = English;
			hasScannedForEncodings = 0;
			knownRegions = (
				en,
				Base,
			);
			mainGroup = 38130D171B9F110100AA2AA8;
			productRefGroup = 38130D211B9F110100AA2AA8 /* Products */;
			projectDirPath = "";
			projectRoot = "";
			targets = (
				38130D1F1B9F110100AA2AA8 /* Example-Swift */,
				38130D331B9F110100AA2AA8 /* Example-SwiftTests */,
				E8DCAE6A1BD57FCF00581AE6 /* Example-SwiftUITests */,
			);
		};
/* End PBXProject section */

/* Begin PBXResourcesBuildPhase section */
		38130D1E1B9F110100AA2AA8 /* Resources */ = {
			isa = PBXResourcesBuildPhase;
			buildActionMask = 2147483647;
			files = (
				303358D01BBB5BC9002F5E92 /* OpenSans-Semibold.ttf in Resources */,
				38FBA0A81BC7C2BF0030C473 /* Main.storyboard in Resources */,
				3EFDB0B51BAC48B300F51816 /* Images.xcassets in Resources */,
				303358CF1BBB5BC9002F5E92 /* OpenSans-Regular.ttf in Resources */,
				380FD8421BC6852600162D85 /* LaunchScreen.storyboard in Resources */,
			);
			runOnlyForDeploymentPostprocessing = 0;
		};
		38130D321B9F110100AA2AA8 /* Resources */ = {
			isa = PBXResourcesBuildPhase;
			buildActionMask = 2147483647;
			files = (
			);
			runOnlyForDeploymentPostprocessing = 0;
		};
		E8DCAE691BD57FCF00581AE6 /* Resources */ = {
			isa = PBXResourcesBuildPhase;
			buildActionMask = 2147483647;
			files = (
			);
			runOnlyForDeploymentPostprocessing = 0;
		};
/* End PBXResourcesBuildPhase section */

/* Begin PBXSourcesBuildPhase section */
		38130D1C1B9F110100AA2AA8 /* Sources */ = {
			isa = PBXSourcesBuildPhase;
			buildActionMask = 2147483647;
			files = (
				38130D261B9F110100AA2AA8 /* ViewController.swift in Sources */,
				38130D241B9F110100AA2AA8 /* AppDelegate.swift in Sources */,
			);
			runOnlyForDeploymentPostprocessing = 0;
		};
		38130D301B9F110100AA2AA8 /* Sources */ = {
			isa = PBXSourcesBuildPhase;
			buildActionMask = 2147483647;
			files = (
				38130D391B9F110100AA2AA8 /* Example_SwiftTests.swift in Sources */,
			);
			runOnlyForDeploymentPostprocessing = 0;
		};
		E8DCAE671BD57FCF00581AE6 /* Sources */ = {
			isa = PBXSourcesBuildPhase;
			buildActionMask = 2147483647;
			files = (
				E8DCAE9B1BD5800E00581AE6 /* TwitterAndContactsTests.swift in Sources */,
				E8DCAE991BD5800E00581AE6 /* FacebookAndTwitterAndContactsTests.swift in Sources */,
				E8DCAE981BD5800E00581AE6 /* ExampleContactsOnlyTests.swift in Sources */,
				E8DCAE9C1BD5800E00581AE6 /* YSGTestMockData.swift in Sources */,
				E8DCAE9A1BD5800E00581AE6 /* HammerTheAppTests.swift in Sources */,
				E8DCAE971BD5800E00581AE6 /* CommonStrings.swift in Sources */,
			);
			runOnlyForDeploymentPostprocessing = 0;
		};
/* End PBXSourcesBuildPhase section */

/* Begin PBXTargetDependency section */
		38130D361B9F110100AA2AA8 /* PBXTargetDependency */ = {
			isa = PBXTargetDependency;
			target = 38130D1F1B9F110100AA2AA8 /* Example-Swift */;
			targetProxy = 38130D351B9F110100AA2AA8 /* PBXContainerItemProxy */;
		};
		E8DCAE711BD57FCF00581AE6 /* PBXTargetDependency */ = {
			isa = PBXTargetDependency;
			target = 38130D1F1B9F110100AA2AA8 /* Example-Swift */;
			targetProxy = E8DCAE701BD57FCF00581AE6 /* PBXContainerItemProxy */;
		};
/* End PBXTargetDependency section */

/* Begin XCBuildConfiguration section */
		38130D3B1B9F110100AA2AA8 /* Debug */ = {
			isa = XCBuildConfiguration;
			buildSettings = {
				ALWAYS_SEARCH_USER_PATHS = NO;
				CLANG_CXX_LANGUAGE_STANDARD = "gnu++0x";
				CLANG_CXX_LIBRARY = "libc++";
				CLANG_ENABLE_MODULES = YES;
				CLANG_ENABLE_OBJC_ARC = YES;
				CLANG_WARN_BOOL_CONVERSION = YES;
				CLANG_WARN_CONSTANT_CONVERSION = YES;
				CLANG_WARN_DIRECT_OBJC_ISA_USAGE = YES_ERROR;
				CLANG_WARN_EMPTY_BODY = YES;
				CLANG_WARN_ENUM_CONVERSION = YES;
				CLANG_WARN_INT_CONVERSION = YES;
				CLANG_WARN_OBJC_ROOT_CLASS = YES_ERROR;
				CLANG_WARN_UNREACHABLE_CODE = YES;
				CLANG_WARN__DUPLICATE_METHOD_MATCH = YES;
				"CODE_SIGN_IDENTITY[sdk=iphoneos*]" = "iPhone Developer";
				COPY_PHASE_STRIP = NO;
				DEBUG_INFORMATION_FORMAT = dwarf;
				ENABLE_STRICT_OBJC_MSGSEND = YES;
				ENABLE_TESTABILITY = YES;
				GCC_C_LANGUAGE_STANDARD = gnu99;
				GCC_DYNAMIC_NO_PIC = NO;
				GCC_NO_COMMON_BLOCKS = YES;
				GCC_OPTIMIZATION_LEVEL = 0;
				GCC_PREPROCESSOR_DEFINITIONS = (
					"DEBUG=1",
					"$(inherited)",
				);
				GCC_WARN_64_TO_32_BIT_CONVERSION = YES;
				GCC_WARN_ABOUT_RETURN_TYPE = YES_ERROR;
				GCC_WARN_UNDECLARED_SELECTOR = YES;
				GCC_WARN_UNINITIALIZED_AUTOS = YES_AGGRESSIVE;
				GCC_WARN_UNUSED_FUNCTION = YES;
				GCC_WARN_UNUSED_VARIABLE = YES;
				IPHONEOS_DEPLOYMENT_TARGET = 8.0;
				MTL_ENABLE_DEBUG_INFO = YES;
				ONLY_ACTIVE_ARCH = YES;
				SDKROOT = iphoneos;
				SWIFT_OPTIMIZATION_LEVEL = "-Onone";
				TARGETED_DEVICE_FAMILY = "1,2";
			};
			name = Debug;
		};
		38130D3C1B9F110100AA2AA8 /* Release */ = {
			isa = XCBuildConfiguration;
			buildSettings = {
				ALWAYS_SEARCH_USER_PATHS = NO;
				CLANG_CXX_LANGUAGE_STANDARD = "gnu++0x";
				CLANG_CXX_LIBRARY = "libc++";
				CLANG_ENABLE_MODULES = YES;
				CLANG_ENABLE_OBJC_ARC = YES;
				CLANG_WARN_BOOL_CONVERSION = YES;
				CLANG_WARN_CONSTANT_CONVERSION = YES;
				CLANG_WARN_DIRECT_OBJC_ISA_USAGE = YES_ERROR;
				CLANG_WARN_EMPTY_BODY = YES;
				CLANG_WARN_ENUM_CONVERSION = YES;
				CLANG_WARN_INT_CONVERSION = YES;
				CLANG_WARN_OBJC_ROOT_CLASS = YES_ERROR;
				CLANG_WARN_UNREACHABLE_CODE = YES;
				CLANG_WARN__DUPLICATE_METHOD_MATCH = YES;
				"CODE_SIGN_IDENTITY[sdk=iphoneos*]" = "iPhone Developer";
				COPY_PHASE_STRIP = NO;
				DEBUG_INFORMATION_FORMAT = "dwarf-with-dsym";
				ENABLE_NS_ASSERTIONS = NO;
				ENABLE_STRICT_OBJC_MSGSEND = YES;
				GCC_C_LANGUAGE_STANDARD = gnu99;
				GCC_NO_COMMON_BLOCKS = YES;
				GCC_WARN_64_TO_32_BIT_CONVERSION = YES;
				GCC_WARN_ABOUT_RETURN_TYPE = YES_ERROR;
				GCC_WARN_UNDECLARED_SELECTOR = YES;
				GCC_WARN_UNINITIALIZED_AUTOS = YES_AGGRESSIVE;
				GCC_WARN_UNUSED_FUNCTION = YES;
				GCC_WARN_UNUSED_VARIABLE = YES;
				IPHONEOS_DEPLOYMENT_TARGET = 8.0;
				MTL_ENABLE_DEBUG_INFO = NO;
				SDKROOT = iphoneos;
				TARGETED_DEVICE_FAMILY = "1,2";
				VALIDATE_PRODUCT = YES;
			};
			name = Release;
		};
		38130D3E1B9F110100AA2AA8 /* Debug */ = {
			isa = XCBuildConfiguration;
			buildSettings = {
				ASSETCATALOG_COMPILER_APPICON_NAME = AppIcon;
				CLANG_ENABLE_MODULES = YES;
				FRAMEWORK_SEARCH_PATHS = (
					"$(inherited)",
					"$(PROJECT_DIR)",
				);
				INFOPLIST_FILE = "Example-Swift/Info.plist";
				LD_RUNPATH_SEARCH_PATHS = "$(inherited) @executable_path/Frameworks";
				PRODUCT_BUNDLE_IDENTIFIER = "com.yesgraph.Example-Swift";
				PRODUCT_NAME = "Example-Swift";
				SWIFT_OBJC_BRIDGING_HEADER = "";
				SWIFT_OPTIMIZATION_LEVEL = "-Onone";
			};
			name = Debug;
		};
		38130D3F1B9F110100AA2AA8 /* Release */ = {
			isa = XCBuildConfiguration;
			buildSettings = {
				ASSETCATALOG_COMPILER_APPICON_NAME = AppIcon;
				CLANG_ENABLE_MODULES = YES;
				FRAMEWORK_SEARCH_PATHS = (
					"$(inherited)",
					"$(PROJECT_DIR)",
				);
				INFOPLIST_FILE = "Example-Swift/Info.plist";
				LD_RUNPATH_SEARCH_PATHS = "$(inherited) @executable_path/Frameworks";
				PRODUCT_BUNDLE_IDENTIFIER = "com.yesgraph.Example-Swift";
				PRODUCT_NAME = "Example-Swift";
				SWIFT_OBJC_BRIDGING_HEADER = "";
			};
			name = Release;
		};
		38130D411B9F110100AA2AA8 /* Debug */ = {
			isa = XCBuildConfiguration;
			buildSettings = {
				BUNDLE_LOADER = "$(TEST_HOST)";
				INFOPLIST_FILE = "Example-SwiftTests/Info.plist";
				LD_RUNPATH_SEARCH_PATHS = "$(inherited) @executable_path/Frameworks @loader_path/Frameworks";
				PRODUCT_BUNDLE_IDENTIFIER = "YesGraph.Example-SwiftTests";
				PRODUCT_NAME = "Example-Swift";
				TEST_HOST = "$(BUILT_PRODUCTS_DIR)/Example-Swift.app/Example-Swift";
			};
			name = Debug;
		};
		38130D421B9F110100AA2AA8 /* Release */ = {
			isa = XCBuildConfiguration;
			buildSettings = {
				BUNDLE_LOADER = "$(TEST_HOST)";
				INFOPLIST_FILE = "Example-SwiftTests/Info.plist";
				LD_RUNPATH_SEARCH_PATHS = "$(inherited) @executable_path/Frameworks @loader_path/Frameworks";
				PRODUCT_BUNDLE_IDENTIFIER = "YesGraph.Example-SwiftTests";
				PRODUCT_NAME = "Example-Swift";
				TEST_HOST = "$(BUILT_PRODUCTS_DIR)/Example-Swift.app/Example-Swift";
			};
			name = Release;
		};
		E8DCAE731BD57FCF00581AE6 /* Debug */ = {
			isa = XCBuildConfiguration;
			buildSettings = {
				INFOPLIST_FILE = "Example-SwiftUITests/Info.plist";
				IPHONEOS_DEPLOYMENT_TARGET = 9.0;
				LD_RUNPATH_SEARCH_PATHS = "$(inherited) @executable_path/Frameworks @loader_path/Frameworks";
				PRODUCT_BUNDLE_IDENTIFIER = "com.yesgraph.Example-SwiftUITests";
				PRODUCT_NAME = "Example-Swift";
				TEST_TARGET_NAME = "Example-Swift";
				USES_XCTRUNNER = YES;
			};
			name = Debug;
		};
		E8DCAE741BD57FCF00581AE6 /* Release */ = {
			isa = XCBuildConfiguration;
			buildSettings = {
				INFOPLIST_FILE = "Example-SwiftUITests/Info.plist";
				IPHONEOS_DEPLOYMENT_TARGET = 9.0;
				LD_RUNPATH_SEARCH_PATHS = "$(inherited) @executable_path/Frameworks @loader_path/Frameworks";
				PRODUCT_BUNDLE_IDENTIFIER = "com.yesgraph.Example-SwiftUITests";
				PRODUCT_NAME = "Example-Swift";
				TEST_TARGET_NAME = "Example-Swift";
				USES_XCTRUNNER = YES;
			};
			name = Release;
		};
/* End XCBuildConfiguration section */

/* Begin XCConfigurationList section */
		38130D1B1B9F110100AA2AA8 /* Build configuration list for PBXProject "Example-Swift" */ = {
			isa = XCConfigurationList;
			buildConfigurations = (
				38130D3B1B9F110100AA2AA8 /* Debug */,
				38130D3C1B9F110100AA2AA8 /* Release */,
			);
			defaultConfigurationIsVisible = 0;
			defaultConfigurationName = Release;
		};
		38130D3D1B9F110100AA2AA8 /* Build configuration list for PBXNativeTarget "Example-Swift" */ = {
			isa = XCConfigurationList;
			buildConfigurations = (
				38130D3E1B9F110100AA2AA8 /* Debug */,
				38130D3F1B9F110100AA2AA8 /* Release */,
			);
			defaultConfigurationIsVisible = 0;
			defaultConfigurationName = Release;
		};
		38130D401B9F110100AA2AA8 /* Build configuration list for PBXNativeTarget "Example-SwiftTests" */ = {
			isa = XCConfigurationList;
			buildConfigurations = (
				38130D411B9F110100AA2AA8 /* Debug */,
				38130D421B9F110100AA2AA8 /* Release */,
			);
			defaultConfigurationIsVisible = 0;
			defaultConfigurationName = Release;
		};
		E8DCAE721BD57FCF00581AE6 /* Build configuration list for PBXNativeTarget "Example-SwiftUITests" */ = {
			isa = XCConfigurationList;
			buildConfigurations = (
				E8DCAE731BD57FCF00581AE6 /* Debug */,
				E8DCAE741BD57FCF00581AE6 /* Release */,
			);
			defaultConfigurationIsVisible = 0;
			defaultConfigurationName = Release;
		};
/* End XCConfigurationList section */
	};
	rootObject = 38130D181B9F110100AA2AA8 /* Project object */;
}
