// !$*UTF8*$!
{
	archiveVersion = 1;
	classes = {
	};
	objectVersion = 46;
	objects = {

/* Begin PBXBuildFile section */
		3800EE961B83769C007E0C43 /* YSGShareSheetController.h in Headers */ = {isa = PBXBuildFile; fileRef = 3800EE941B83769C007E0C43 /* YSGShareSheetController.h */; };
		3800EE971B83769C007E0C43 /* YSGShareSheetController.m in Sources */ = {isa = PBXBuildFile; fileRef = 3800EE951B83769C007E0C43 /* YSGShareSheetController.m */; };
		3800EE9B1B83855D007E0C43 /* YSGContactManager.h in Headers */ = {isa = PBXBuildFile; fileRef = 3800EE991B83855D007E0C43 /* YSGContactManager.h */; };
		3800EE9C1B83855D007E0C43 /* YSGContactManager.m in Sources */ = {isa = PBXBuildFile; fileRef = 3800EE9A1B83855D007E0C43 /* YSGContactManager.m */; };
		3852B2CF1B833E1600544FBA /* YSGContact.h in Headers */ = {isa = PBXBuildFile; fileRef = 3852B2CD1B833E1600544FBA /* YSGContact.h */; };
		3852B2D01B833E1600544FBA /* YSGContact.m in Sources */ = {isa = PBXBuildFile; fileRef = 3852B2CE1B833E1600544FBA /* YSGContact.m */; };
		3852B2D31B833E7600544FBA /* YSGSource.h in Headers */ = {isa = PBXBuildFile; fileRef = 3852B2D11B833E7600544FBA /* YSGSource.h */; };
		3852B2D41B833E7600544FBA /* YSGSource.m in Sources */ = {isa = PBXBuildFile; fileRef = 3852B2D21B833E7600544FBA /* YSGSource.m */; };
		3852B2D61B833F2000544FBA /* YesGraphSDKNetworkTests.m in Sources */ = {isa = PBXBuildFile; fileRef = 3852B2D51B833F2000544FBA /* YesGraphSDKNetworkTests.m */; };
		385B64B11B831BAE00C55F60 /* YSGClient.h in Headers */ = {isa = PBXBuildFile; fileRef = 385B64AF1B831BAE00C55F60 /* YSGClient.h */; };
		385B64B21B831BAE00C55F60 /* YSGClient.m in Sources */ = {isa = PBXBuildFile; fileRef = 385B64B01B831BAE00C55F60 /* YSGClient.m */; };
		385B64B51B831C0B00C55F60 /* YSGShareService.h in Headers */ = {isa = PBXBuildFile; fileRef = 385B64B31B831C0B00C55F60 /* YSGShareService.h */; };
		385B64B61B831C0B00C55F60 /* YSGShareService.m in Sources */ = {isa = PBXBuildFile; fileRef = 385B64B41B831C0B00C55F60 /* YSGShareService.m */; };
		385B64BA1B831C2B00C55F60 /* YSGFacebookService.h in Headers */ = {isa = PBXBuildFile; fileRef = 385B64B81B831C2B00C55F60 /* YSGFacebookService.h */; };
		385B64BB1B831C2B00C55F60 /* YSGFacebookService.m in Sources */ = {isa = PBXBuildFile; fileRef = 385B64B91B831C2B00C55F60 /* YSGFacebookService.m */; };
		385B64BE1B831C3600C55F60 /* YSGTwitterService.h in Headers */ = {isa = PBXBuildFile; fileRef = 385B64BC1B831C3600C55F60 /* YSGTwitterService.h */; };
		385B64BF1B831C3600C55F60 /* YSGTwitterService.m in Sources */ = {isa = PBXBuildFile; fileRef = 385B64BD1B831C3600C55F60 /* YSGTwitterService.m */; };
		385B64C21B831C3F00C55F60 /* YSGInviteService.h in Headers */ = {isa = PBXBuildFile; fileRef = 385B64C01B831C3F00C55F60 /* YSGInviteService.h */; };
		385B64C31B831C3F00C55F60 /* YSGInviteService.m in Sources */ = {isa = PBXBuildFile; fileRef = 385B64C11B831C3F00C55F60 /* YSGInviteService.m */; };
		385B64C61B831C7900C55F60 /* YSGShareSheetViewController.h in Headers */ = {isa = PBXBuildFile; fileRef = 385B64C41B831C7900C55F60 /* YSGShareSheetViewController.h */; };
		385B64C71B831C7900C55F60 /* YSGShareSheetViewController.m in Sources */ = {isa = PBXBuildFile; fileRef = 385B64C51B831C7900C55F60 /* YSGShareSheetViewController.m */; };
		385B64CA1B831CA900C55F60 /* YSGAddressBookViewController.h in Headers */ = {isa = PBXBuildFile; fileRef = 385B64C81B831CA900C55F60 /* YSGAddressBookViewController.h */; };
		385B64CB1B831CA900C55F60 /* YSGAddressBookViewController.m in Sources */ = {isa = PBXBuildFile; fileRef = 385B64C91B831CA900C55F60 /* YSGAddressBookViewController.m */; };
		385B64CF1B831D4800C55F60 /* YesGraph.h in Headers */ = {isa = PBXBuildFile; fileRef = 385B64CD1B831D4800C55F60 /* YesGraph.h */; };
		385B64D01B831D4800C55F60 /* YesGraph.m in Sources */ = {isa = PBXBuildFile; fileRef = 385B64CE1B831D4800C55F60 /* YesGraph.m */; };
		38CB82781B831F70004A0FE3 /* YSGAutoCoding.h in Headers */ = {isa = PBXBuildFile; fileRef = 38CB82761B831F70004A0FE3 /* YSGAutoCoding.h */; };
		38CB82791B831F70004A0FE3 /* YSGAutoCoding.m in Sources */ = {isa = PBXBuildFile; fileRef = 38CB82771B831F70004A0FE3 /* YSGAutoCoding.m */; };
		38CC16C31B831606008477C7 /* YesGraphSDK.h in Headers */ = {isa = PBXBuildFile; fileRef = 38CC16C21B831606008477C7 /* YesGraphSDK.h */; settings = {ATTRIBUTES = (Public, ); }; };
		38CC16C91B831606008477C7 /* YesGraphSDK.framework in Frameworks */ = {isa = PBXBuildFile; fileRef = 38CC16BD1B831606008477C7 /* YesGraphSDK.framework */; };
		38CC16D01B831606008477C7 /* YesGraphSDKTests.m in Sources */ = {isa = PBXBuildFile; fileRef = 38CC16CF1B831606008477C7 /* YesGraphSDKTests.m */; };
/* End PBXBuildFile section */

/* Begin PBXContainerItemProxy section */
		38CC16CA1B831606008477C7 /* PBXContainerItemProxy */ = {
			isa = PBXContainerItemProxy;
			containerPortal = 38CC16B41B831606008477C7 /* Project object */;
			proxyType = 1;
			remoteGlobalIDString = 38CC16BC1B831606008477C7;
			remoteInfo = YesGraphSDK;
		};
/* End PBXContainerItemProxy section */

/* Begin PBXFileReference section */
		3800EE941B83769C007E0C43 /* YSGShareSheetController.h */ = {isa = PBXFileReference; fileEncoding = 4; lastKnownFileType = sourcecode.c.h; path = YSGShareSheetController.h; sourceTree = "<group>"; };
		3800EE951B83769C007E0C43 /* YSGShareSheetController.m */ = {isa = PBXFileReference; fileEncoding = 4; lastKnownFileType = sourcecode.c.objc; path = YSGShareSheetController.m; sourceTree = "<group>"; };
		3800EE991B83855D007E0C43 /* YSGContactManager.h */ = {isa = PBXFileReference; fileEncoding = 4; lastKnownFileType = sourcecode.c.h; path = YSGContactManager.h; sourceTree = "<group>"; };
		3800EE9A1B83855D007E0C43 /* YSGContactManager.m */ = {isa = PBXFileReference; fileEncoding = 4; lastKnownFileType = sourcecode.c.objc; path = YSGContactManager.m; sourceTree = "<group>"; };
		3852B2CD1B833E1600544FBA /* YSGContact.h */ = {isa = PBXFileReference; fileEncoding = 4; lastKnownFileType = sourcecode.c.h; path = YSGContact.h; sourceTree = "<group>"; };
		3852B2CE1B833E1600544FBA /* YSGContact.m */ = {isa = PBXFileReference; fileEncoding = 4; lastKnownFileType = sourcecode.c.objc; path = YSGContact.m; sourceTree = "<group>"; };
		3852B2D11B833E7600544FBA /* YSGSource.h */ = {isa = PBXFileReference; fileEncoding = 4; lastKnownFileType = sourcecode.c.h; path = YSGSource.h; sourceTree = "<group>"; };
		3852B2D21B833E7600544FBA /* YSGSource.m */ = {isa = PBXFileReference; fileEncoding = 4; lastKnownFileType = sourcecode.c.objc; path = YSGSource.m; sourceTree = "<group>"; };
		3852B2D51B833F2000544FBA /* YesGraphSDKNetworkTests.m */ = {isa = PBXFileReference; fileEncoding = 4; lastKnownFileType = sourcecode.c.objc; path = YesGraphSDKNetworkTests.m; sourceTree = "<group>"; };
		385B64AF1B831BAE00C55F60 /* YSGClient.h */ = {isa = PBXFileReference; fileEncoding = 4; lastKnownFileType = sourcecode.c.h; path = YSGClient.h; sourceTree = "<group>"; };
		385B64B01B831BAE00C55F60 /* YSGClient.m */ = {isa = PBXFileReference; fileEncoding = 4; lastKnownFileType = sourcecode.c.objc; path = YSGClient.m; sourceTree = "<group>"; };
		385B64B31B831C0B00C55F60 /* YSGShareService.h */ = {isa = PBXFileReference; fileEncoding = 4; lastKnownFileType = sourcecode.c.h; path = YSGShareService.h; sourceTree = "<group>"; };
		385B64B41B831C0B00C55F60 /* YSGShareService.m */ = {isa = PBXFileReference; fileEncoding = 4; lastKnownFileType = sourcecode.c.objc; path = YSGShareService.m; sourceTree = "<group>"; };
		385B64B81B831C2B00C55F60 /* YSGFacebookService.h */ = {isa = PBXFileReference; fileEncoding = 4; lastKnownFileType = sourcecode.c.h; path = YSGFacebookService.h; sourceTree = "<group>"; };
		385B64B91B831C2B00C55F60 /* YSGFacebookService.m */ = {isa = PBXFileReference; fileEncoding = 4; lastKnownFileType = sourcecode.c.objc; path = YSGFacebookService.m; sourceTree = "<group>"; };
		385B64BC1B831C3600C55F60 /* YSGTwitterService.h */ = {isa = PBXFileReference; fileEncoding = 4; lastKnownFileType = sourcecode.c.h; path = YSGTwitterService.h; sourceTree = "<group>"; };
		385B64BD1B831C3600C55F60 /* YSGTwitterService.m */ = {isa = PBXFileReference; fileEncoding = 4; lastKnownFileType = sourcecode.c.objc; path = YSGTwitterService.m; sourceTree = "<group>"; };
		385B64C01B831C3F00C55F60 /* YSGInviteService.h */ = {isa = PBXFileReference; fileEncoding = 4; lastKnownFileType = sourcecode.c.h; path = YSGInviteService.h; sourceTree = "<group>"; };
		385B64C11B831C3F00C55F60 /* YSGInviteService.m */ = {isa = PBXFileReference; fileEncoding = 4; lastKnownFileType = sourcecode.c.objc; path = YSGInviteService.m; sourceTree = "<group>"; };
		385B64C41B831C7900C55F60 /* YSGShareSheetViewController.h */ = {isa = PBXFileReference; fileEncoding = 4; lastKnownFileType = sourcecode.c.h; path = YSGShareSheetViewController.h; sourceTree = "<group>"; };
		385B64C51B831C7900C55F60 /* YSGShareSheetViewController.m */ = {isa = PBXFileReference; fileEncoding = 4; lastKnownFileType = sourcecode.c.objc; path = YSGShareSheetViewController.m; sourceTree = "<group>"; };
		385B64C81B831CA900C55F60 /* YSGAddressBookViewController.h */ = {isa = PBXFileReference; fileEncoding = 4; lastKnownFileType = sourcecode.c.h; path = YSGAddressBookViewController.h; sourceTree = "<group>"; };
		385B64C91B831CA900C55F60 /* YSGAddressBookViewController.m */ = {isa = PBXFileReference; fileEncoding = 4; lastKnownFileType = sourcecode.c.objc; path = YSGAddressBookViewController.m; sourceTree = "<group>"; };
		385B64CD1B831D4800C55F60 /* YesGraph.h */ = {isa = PBXFileReference; fileEncoding = 4; lastKnownFileType = sourcecode.c.h; path = YesGraph.h; sourceTree = "<group>"; };
		385B64CE1B831D4800C55F60 /* YesGraph.m */ = {isa = PBXFileReference; fileEncoding = 4; lastKnownFileType = sourcecode.c.objc; path = YesGraph.m; sourceTree = "<group>"; };
		38CB82761B831F70004A0FE3 /* YSGAutoCoding.h */ = {isa = PBXFileReference; fileEncoding = 4; lastKnownFileType = sourcecode.c.h; path = YSGAutoCoding.h; sourceTree = "<group>"; };
		38CB82771B831F70004A0FE3 /* YSGAutoCoding.m */ = {isa = PBXFileReference; fileEncoding = 4; lastKnownFileType = sourcecode.c.objc; path = YSGAutoCoding.m; sourceTree = "<group>"; };
		38CC16BD1B831606008477C7 /* YesGraphSDK.framework */ = {isa = PBXFileReference; explicitFileType = wrapper.framework; includeInIndex = 0; path = YesGraphSDK.framework; sourceTree = BUILT_PRODUCTS_DIR; };
		38CC16C11B831606008477C7 /* Info.plist */ = {isa = PBXFileReference; lastKnownFileType = text.plist.xml; path = Info.plist; sourceTree = "<group>"; };
		38CC16C21B831606008477C7 /* YesGraphSDK.h */ = {isa = PBXFileReference; lastKnownFileType = sourcecode.c.h; path = YesGraphSDK.h; sourceTree = "<group>"; };
		38CC16C81B831606008477C7 /* YesGraphSDKTests.xctest */ = {isa = PBXFileReference; explicitFileType = wrapper.cfbundle; includeInIndex = 0; path = YesGraphSDKTests.xctest; sourceTree = BUILT_PRODUCTS_DIR; };
		38CC16CE1B831606008477C7 /* Info.plist */ = {isa = PBXFileReference; lastKnownFileType = text.plist.xml; path = Info.plist; sourceTree = "<group>"; };
		38CC16CF1B831606008477C7 /* YesGraphSDKTests.m */ = {isa = PBXFileReference; lastKnownFileType = sourcecode.c.objc; path = YesGraphSDKTests.m; sourceTree = "<group>"; };
/* End PBXFileReference section */

/* Begin PBXFrameworksBuildPhase section */
		38CC16B91B831606008477C7 /* Frameworks */ = {
			isa = PBXFrameworksBuildPhase;
			buildActionMask = 2147483647;
			files = (
			);
			runOnlyForDeploymentPostprocessing = 0;
		};
		38CC16C51B831606008477C7 /* Frameworks */ = {
			isa = PBXFrameworksBuildPhase;
			buildActionMask = 2147483647;
			files = (
				38CC16C91B831606008477C7 /* YesGraphSDK.framework in Frameworks */,
			);
			runOnlyForDeploymentPostprocessing = 0;
		};
/* End PBXFrameworksBuildPhase section */

/* Begin PBXGroup section */
		3800EE981B83853A007E0C43 /* Database */ = {
			isa = PBXGroup;
			children = (
			);
			name = Database;
			sourceTree = "<group>";
		};
		3852B2CC1B833DD000544FBA /* Model */ = {
			isa = PBXGroup;
			children = (
				3852B2CD1B833E1600544FBA /* YSGContact.h */,
				3852B2CE1B833E1600544FBA /* YSGContact.m */,
				3852B2D11B833E7600544FBA /* YSGSource.h */,
				3852B2D21B833E7600544FBA /* YSGSource.m */,
			);
			path = Model;
			sourceTree = "<group>";
		};
		385B64B71B831C0E00C55F60 /* Service */ = {
			isa = PBXGroup;
			children = (
				385B64B81B831C2B00C55F60 /* YSGFacebookService.h */,
				385B64B91B831C2B00C55F60 /* YSGFacebookService.m */,
				385B64BC1B831C3600C55F60 /* YSGTwitterService.h */,
				385B64BD1B831C3600C55F60 /* YSGTwitterService.m */,
				385B64C01B831C3F00C55F60 /* YSGInviteService.h */,
				385B64C11B831C3F00C55F60 /* YSGInviteService.m */,
			);
			path = Service;
			sourceTree = "<group>";
		};
		385B64CC1B831D0800C55F60 /* Main */ = {
			isa = PBXGroup;
			children = (
				385B64CD1B831D4800C55F60 /* YesGraph.h */,
				385B64CE1B831D4800C55F60 /* YesGraph.m */,
			);
			path = Main;
			sourceTree = "<group>";
		};
		38CB82741B831F41004A0FE3 /* Library */ = {
			isa = PBXGroup;
			children = (
				38CB82751B831F70004A0FE3 /* AutoCoding */,
			);
			name = Library;
			path = AutoCoding;
			sourceTree = "<group>";
		};
		38CB82751B831F70004A0FE3 /* AutoCoding */ = {
			isa = PBXGroup;
			children = (
				38CB82761B831F70004A0FE3 /* YSGAutoCoding.h */,
				38CB82771B831F70004A0FE3 /* YSGAutoCoding.m */,
			);
			path = AutoCoding;
			sourceTree = "<group>";
		};
		38CC16B31B831606008477C7 = {
			isa = PBXGroup;
			children = (
				38CC16BF1B831606008477C7 /* YesGraphSDK */,
				38CC16CC1B831606008477C7 /* YesGraphSDKTests */,
				38CC16BE1B831606008477C7 /* Products */,
			);
			sourceTree = "<group>";
		};
		38CC16BE1B831606008477C7 /* Products */ = {
			isa = PBXGroup;
			children = (
				38CC16BD1B831606008477C7 /* YesGraphSDK.framework */,
				38CC16C81B831606008477C7 /* YesGraphSDKTests.xctest */,
			);
			name = Products;
			sourceTree = "<group>";
		};
		38CC16BF1B831606008477C7 /* YesGraphSDK */ = {
			isa = PBXGroup;
			children = (
				3800EE981B83853A007E0C43 /* Database */,
				38CC16C21B831606008477C7 /* YesGraphSDK.h */,
				67E649F34D3C3CE238EF6D5D /* AddressBook */,
				67E64AE32FF2B520BDB012B3 /* Core */,
				38CB82741B831F41004A0FE3 /* Library */,
				385B64CC1B831D0800C55F60 /* Main */,
				67E6405C0BEB8A13CA6A505F /* Network */,
				385B64B71B831C0E00C55F60 /* Service */,
				38CC16C01B831606008477C7 /* Supporting Files */,
				67E640836455FF8D309175D1 /* UI */,
			);
			path = YesGraphSDK;
			sourceTree = "<group>";
		};
		38CC16C01B831606008477C7 /* Supporting Files */ = {
			isa = PBXGroup;
			children = (
				38CC16C11B831606008477C7 /* Info.plist */,
			);
			name = "Supporting Files";
			sourceTree = "<group>";
		};
		38CC16CC1B831606008477C7 /* YesGraphSDKTests */ = {
			isa = PBXGroup;
			children = (
				38CC16CF1B831606008477C7 /* YesGraphSDKTests.m */,
				3852B2D51B833F2000544FBA /* YesGraphSDKNetworkTests.m */,
				38CC16CD1B831606008477C7 /* Supporting Files */,
			);
			path = YesGraphSDKTests;
			sourceTree = "<group>";
		};
		38CC16CD1B831606008477C7 /* Supporting Files */ = {
			isa = PBXGroup;
			children = (
				38CC16CE1B831606008477C7 /* Info.plist */,
			);
			name = "Supporting Files";
			sourceTree = "<group>";
		};
		67E6405C0BEB8A13CA6A505F /* Network */ = {
			isa = PBXGroup;
			children = (
				3852B2CC1B833DD000544FBA /* Model */,
				385B64AF1B831BAE00C55F60 /* YSGClient.h */,
				385B64B01B831BAE00C55F60 /* YSGClient.m */,
			);
			path = Network;
			sourceTree = "<group>";
		};
		67E640836455FF8D309175D1 /* UI */ = {
			isa = PBXGroup;
			children = (
				385B64C41B831C7900C55F60 /* YSGShareSheetViewController.h */,
				385B64C51B831C7900C55F60 /* YSGShareSheetViewController.m */,
			);
			path = UI;
			sourceTree = "<group>";
		};
		67E649F34D3C3CE238EF6D5D /* AddressBook */ = {
			isa = PBXGroup;
			children = (
				385B64C81B831CA900C55F60 /* YSGAddressBookViewController.h */,
				385B64C91B831CA900C55F60 /* YSGAddressBookViewController.m */,
			);
			path = AddressBook;
			sourceTree = "<group>";
		};
		67E64AE32FF2B520BDB012B3 /* Core */ = {
			isa = PBXGroup;
			children = (
				385B64B31B831C0B00C55F60 /* YSGShareService.h */,
				385B64B41B831C0B00C55F60 /* YSGShareService.m */,
				3800EE941B83769C007E0C43 /* YSGShareSheetController.h */,
				3800EE951B83769C007E0C43 /* YSGShareSheetController.m */,
				3800EE991B83855D007E0C43 /* YSGContactManager.h */,
				3800EE9A1B83855D007E0C43 /* YSGContactManager.m */,
			);
			path = Core;
			sourceTree = "<group>";
		};
/* End PBXGroup section */

/* Begin PBXHeadersBuildPhase section */
		38CC16BA1B831606008477C7 /* Headers */ = {
			isa = PBXHeadersBuildPhase;
			buildActionMask = 2147483647;
			files = (
				385B64BA1B831C2B00C55F60 /* YSGFacebookService.h in Headers */,
				385B64BE1B831C3600C55F60 /* YSGTwitterService.h in Headers */,
				385B64CF1B831D4800C55F60 /* YesGraph.h in Headers */,
				385B64C61B831C7900C55F60 /* YSGShareSheetViewController.h in Headers */,
				3852B2CF1B833E1600544FBA /* YSGContact.h in Headers */,
				3800EE9B1B83855D007E0C43 /* YSGContactManager.h in Headers */,
				38CC16C31B831606008477C7 /* YesGraphSDK.h in Headers */,
				38CB82781B831F70004A0FE3 /* YSGAutoCoding.h in Headers */,
				3800EE961B83769C007E0C43 /* YSGShareSheetController.h in Headers */,
				385B64C21B831C3F00C55F60 /* YSGInviteService.h in Headers */,
				385B64B11B831BAE00C55F60 /* YSGClient.h in Headers */,
				3852B2D31B833E7600544FBA /* YSGSource.h in Headers */,
				385B64B51B831C0B00C55F60 /* YSGShareService.h in Headers */,
				385B64CA1B831CA900C55F60 /* YSGAddressBookViewController.h in Headers */,
			);
			runOnlyForDeploymentPostprocessing = 0;
		};
/* End PBXHeadersBuildPhase section */

/* Begin PBXNativeTarget section */
		38CC16BC1B831606008477C7 /* YesGraphSDK */ = {
			isa = PBXNativeTarget;
			buildConfigurationList = 38CC16D31B831606008477C7 /* Build configuration list for PBXNativeTarget "YesGraphSDK" */;
			buildPhases = (
				38CC16B81B831606008477C7 /* Sources */,
				38CC16B91B831606008477C7 /* Frameworks */,
				38CC16BA1B831606008477C7 /* Headers */,
				38CC16BB1B831606008477C7 /* Resources */,
			);
			buildRules = (
			);
			dependencies = (
			);
			name = YesGraphSDK;
			productName = YesGraphSDK;
			productReference = 38CC16BD1B831606008477C7 /* YesGraphSDK.framework */;
			productType = "com.apple.product-type.framework";
		};
		38CC16C71B831606008477C7 /* YesGraphSDKTests */ = {
			isa = PBXNativeTarget;
			buildConfigurationList = 38CC16D61B831606008477C7 /* Build configuration list for PBXNativeTarget "YesGraphSDKTests" */;
			buildPhases = (
				38CC16C41B831606008477C7 /* Sources */,
				38CC16C51B831606008477C7 /* Frameworks */,
				38CC16C61B831606008477C7 /* Resources */,
			);
			buildRules = (
			);
			dependencies = (
				38CC16CB1B831606008477C7 /* PBXTargetDependency */,
			);
			name = YesGraphSDKTests;
			productName = YesGraphSDKTests;
			productReference = 38CC16C81B831606008477C7 /* YesGraphSDKTests.xctest */;
			productType = "com.apple.product-type.bundle.unit-test";
		};
/* End PBXNativeTarget section */

/* Begin PBXProject section */
		38CC16B41B831606008477C7 /* Project object */ = {
			isa = PBXProject;
			attributes = {
				CLASSPREFIX = YSG;
				LastUpgradeCheck = 0700;
				ORGANIZATIONNAME = YesGraph;
				TargetAttributes = {
					38CC16BC1B831606008477C7 = {
						CreatedOnToolsVersion = 6.4;
					};
					38CC16C71B831606008477C7 = {
						CreatedOnToolsVersion = 6.4;
					};
				};
			};
			buildConfigurationList = 38CC16B71B831606008477C7 /* Build configuration list for PBXProject "YesGraphSDK" */;
			compatibilityVersion = "Xcode 3.2";
			developmentRegion = English;
			hasScannedForEncodings = 0;
			knownRegions = (
				en,
			);
			mainGroup = 38CC16B31B831606008477C7;
			productRefGroup = 38CC16BE1B831606008477C7 /* Products */;
			projectDirPath = "";
			projectRoot = "";
			targets = (
				38CC16BC1B831606008477C7 /* YesGraphSDK */,
				38CC16C71B831606008477C7 /* YesGraphSDKTests */,
			);
		};
/* End PBXProject section */

/* Begin PBXResourcesBuildPhase section */
		38CC16BB1B831606008477C7 /* Resources */ = {
			isa = PBXResourcesBuildPhase;
			buildActionMask = 2147483647;
			files = (
			);
			runOnlyForDeploymentPostprocessing = 0;
		};
		38CC16C61B831606008477C7 /* Resources */ = {
			isa = PBXResourcesBuildPhase;
			buildActionMask = 2147483647;
			files = (
			);
			runOnlyForDeploymentPostprocessing = 0;
		};
/* End PBXResourcesBuildPhase section */

/* Begin PBXSourcesBuildPhase section */
		38CC16B81B831606008477C7 /* Sources */ = {
			isa = PBXSourcesBuildPhase;
			buildActionMask = 2147483647;
			files = (
				3852B2D01B833E1600544FBA /* YSGContact.m in Sources */,
				3800EE971B83769C007E0C43 /* YSGShareSheetController.m in Sources */,
				385B64D01B831D4800C55F60 /* YesGraph.m in Sources */,
				385B64BB1B831C2B00C55F60 /* YSGFacebookService.m in Sources */,
				3852B2D41B833E7600544FBA /* YSGSource.m in Sources */,
				385B64BF1B831C3600C55F60 /* YSGTwitterService.m in Sources */,
				385B64C71B831C7900C55F60 /* YSGShareSheetViewController.m in Sources */,
				385B64B21B831BAE00C55F60 /* YSGClient.m in Sources */,
				38CB82791B831F70004A0FE3 /* YSGAutoCoding.m in Sources */,
				385B64B61B831C0B00C55F60 /* YSGShareService.m in Sources */,
				385B64CB1B831CA900C55F60 /* YSGAddressBookViewController.m in Sources */,
				3800EE9C1B83855D007E0C43 /* YSGContactManager.m in Sources */,
				385B64C31B831C3F00C55F60 /* YSGInviteService.m in Sources */,
			);
			runOnlyForDeploymentPostprocessing = 0;
		};
		38CC16C41B831606008477C7 /* Sources */ = {
			isa = PBXSourcesBuildPhase;
			buildActionMask = 2147483647;
			files = (
				3852B2D61B833F2000544FBA /* YesGraphSDKNetworkTests.m in Sources */,
				38CC16D01B831606008477C7 /* YesGraphSDKTests.m in Sources */,
			);
			runOnlyForDeploymentPostprocessing = 0;
		};
/* End PBXSourcesBuildPhase section */

/* Begin PBXTargetDependency section */
		38CC16CB1B831606008477C7 /* PBXTargetDependency */ = {
			isa = PBXTargetDependency;
			target = 38CC16BC1B831606008477C7 /* YesGraphSDK */;
			targetProxy = 38CC16CA1B831606008477C7 /* PBXContainerItemProxy */;
		};
/* End PBXTargetDependency section */

/* Begin XCBuildConfiguration section */
		38CC16D11B831606008477C7 /* Debug */ = {
			isa = XCBuildConfiguration;
			buildSettings = {
				ALWAYS_SEARCH_USER_PATHS = NO;
				CLANG_CXX_LANGUAGE_STANDARD = "gnu++0x";
				CLANG_CXX_LIBRARY = "libc++";
				CLANG_ENABLE_MODULES = YES;
				CLANG_ENABLE_OBJC_ARC = YES;
				CLANG_WARN_BOOL_CONVERSION = YES;
				CLANG_WARN_CONSTANT_CONVERSION = YES;
				CLANG_WARN_DIRECT_OBJC_ISA_USAGE = YES_ERROR;
				CLANG_WARN_EMPTY_BODY = YES;
				CLANG_WARN_ENUM_CONVERSION = YES;
				CLANG_WARN_INT_CONVERSION = YES;
				CLANG_WARN_OBJC_ROOT_CLASS = YES_ERROR;
				CLANG_WARN_UNREACHABLE_CODE = YES;
				CLANG_WARN__DUPLICATE_METHOD_MATCH = YES;
				"CODE_SIGN_IDENTITY[sdk=iphoneos*]" = "iPhone Developer";
				COPY_PHASE_STRIP = NO;
				CURRENT_PROJECT_VERSION = 1;
				DEBUG_INFORMATION_FORMAT = "dwarf-with-dsym";
				ENABLE_STRICT_OBJC_MSGSEND = YES;
				ENABLE_TESTABILITY = YES;
				GCC_C_LANGUAGE_STANDARD = gnu99;
				GCC_DYNAMIC_NO_PIC = NO;
				GCC_NO_COMMON_BLOCKS = YES;
				GCC_OPTIMIZATION_LEVEL = 0;
				GCC_PREPROCESSOR_DEFINITIONS = (
					"DEBUG=1",
					"$(inherited)",
				);
				GCC_SYMBOLS_PRIVATE_EXTERN = NO;
				GCC_WARN_64_TO_32_BIT_CONVERSION = YES;
				GCC_WARN_ABOUT_RETURN_TYPE = YES_ERROR;
				GCC_WARN_UNDECLARED_SELECTOR = YES;
				GCC_WARN_UNINITIALIZED_AUTOS = YES_AGGRESSIVE;
				GCC_WARN_UNUSED_FUNCTION = YES;
				GCC_WARN_UNUSED_VARIABLE = YES;
				IPHONEOS_DEPLOYMENT_TARGET = 8.4;
				MTL_ENABLE_DEBUG_INFO = YES;
				ONLY_ACTIVE_ARCH = YES;
				SDKROOT = iphoneos;
				TARGETED_DEVICE_FAMILY = "1,2";
				VERSIONING_SYSTEM = "apple-generic";
				VERSION_INFO_PREFIX = "";
			};
			name = Debug;
		};
		38CC16D21B831606008477C7 /* Release */ = {
			isa = XCBuildConfiguration;
			buildSettings = {
				ALWAYS_SEARCH_USER_PATHS = NO;
				CLANG_CXX_LANGUAGE_STANDARD = "gnu++0x";
				CLANG_CXX_LIBRARY = "libc++";
				CLANG_ENABLE_MODULES = YES;
				CLANG_ENABLE_OBJC_ARC = YES;
				CLANG_WARN_BOOL_CONVERSION = YES;
				CLANG_WARN_CONSTANT_CONVERSION = YES;
				CLANG_WARN_DIRECT_OBJC_ISA_USAGE = YES_ERROR;
				CLANG_WARN_EMPTY_BODY = YES;
				CLANG_WARN_ENUM_CONVERSION = YES;
				CLANG_WARN_INT_CONVERSION = YES;
				CLANG_WARN_OBJC_ROOT_CLASS = YES_ERROR;
				CLANG_WARN_UNREACHABLE_CODE = YES;
				CLANG_WARN__DUPLICATE_METHOD_MATCH = YES;
				"CODE_SIGN_IDENTITY[sdk=iphoneos*]" = "iPhone Developer";
				COPY_PHASE_STRIP = NO;
				CURRENT_PROJECT_VERSION = 1;
				DEBUG_INFORMATION_FORMAT = "dwarf-with-dsym";
				ENABLE_NS_ASSERTIONS = NO;
				ENABLE_STRICT_OBJC_MSGSEND = YES;
				GCC_C_LANGUAGE_STANDARD = gnu99;
				GCC_NO_COMMON_BLOCKS = YES;
				GCC_WARN_64_TO_32_BIT_CONVERSION = YES;
				GCC_WARN_ABOUT_RETURN_TYPE = YES_ERROR;
				GCC_WARN_UNDECLARED_SELECTOR = YES;
				GCC_WARN_UNINITIALIZED_AUTOS = YES_AGGRESSIVE;
				GCC_WARN_UNUSED_FUNCTION = YES;
				GCC_WARN_UNUSED_VARIABLE = YES;
				IPHONEOS_DEPLOYMENT_TARGET = 8.4;
				MTL_ENABLE_DEBUG_INFO = NO;
				SDKROOT = iphoneos;
				TARGETED_DEVICE_FAMILY = "1,2";
				VALIDATE_PRODUCT = YES;
				VERSIONING_SYSTEM = "apple-generic";
				VERSION_INFO_PREFIX = "";
			};
			name = Release;
		};
		38CC16D41B831606008477C7 /* Debug */ = {
			isa = XCBuildConfiguration;
			buildSettings = {
				DEFINES_MODULE = YES;
				DYLIB_COMPATIBILITY_VERSION = 1;
				DYLIB_CURRENT_VERSION = 1;
				DYLIB_INSTALL_NAME_BASE = "@rpath";
				INFOPLIST_FILE = YesGraphSDK/Info.plist;
				INSTALL_PATH = "$(LOCAL_LIBRARY_DIR)/Frameworks";
				IPHONEOS_DEPLOYMENT_TARGET = 8.0;
				LD_RUNPATH_SEARCH_PATHS = "$(inherited) @executable_path/Frameworks @loader_path/Frameworks";
				ONLY_ACTIVE_ARCH = NO;
				PRODUCT_BUNDLE_IDENTIFIER = "com.yesgraph.$(PRODUCT_NAME:rfc1034identifier)";
				PRODUCT_NAME = "$(TARGET_NAME)";
				SKIP_INSTALL = YES;
			};
			name = Debug;
		};
		38CC16D51B831606008477C7 /* Release */ = {
			isa = XCBuildConfiguration;
			buildSettings = {
				DEFINES_MODULE = YES;
				DYLIB_COMPATIBILITY_VERSION = 1;
				DYLIB_CURRENT_VERSION = 1;
				DYLIB_INSTALL_NAME_BASE = "@rpath";
				INFOPLIST_FILE = YesGraphSDK/Info.plist;
				INSTALL_PATH = "$(LOCAL_LIBRARY_DIR)/Frameworks";
				IPHONEOS_DEPLOYMENT_TARGET = 8.0;
				LD_RUNPATH_SEARCH_PATHS = "$(inherited) @executable_path/Frameworks @loader_path/Frameworks";
				PRODUCT_BUNDLE_IDENTIFIER = "com.yesgraph.$(PRODUCT_NAME:rfc1034identifier)";
				PRODUCT_NAME = "$(TARGET_NAME)";
				SKIP_INSTALL = YES;
			};
			name = Release;
		};
		38CC16D71B831606008477C7 /* Debug */ = {
			isa = XCBuildConfiguration;
			buildSettings = {
				FRAMEWORK_SEARCH_PATHS = (
					"$(SDKROOT)/Developer/Library/Frameworks",
					"$(inherited)",
				);
				GCC_PREPROCESSOR_DEFINITIONS = (
					"DEBUG=1",
					"$(inherited)",
				);
				INFOPLIST_FILE = YesGraphSDKTests/Info.plist;
				LD_RUNPATH_SEARCH_PATHS = "$(inherited) @executable_path/Frameworks @loader_path/Frameworks";
				PRODUCT_BUNDLE_IDENTIFIER = "com.yesgraph.$(PRODUCT_NAME:rfc1034identifier)";
				PRODUCT_NAME = "$(TARGET_NAME)";
			};
			name = Debug;
		};
		38CC16D81B831606008477C7 /* Release */ = {
			isa = XCBuildConfiguration;
			buildSettings = {
				FRAMEWORK_SEARCH_PATHS = (
					"$(SDKROOT)/Developer/Library/Frameworks",
					"$(inherited)",
				);
				INFOPLIST_FILE = YesGraphSDKTests/Info.plist;
				LD_RUNPATH_SEARCH_PATHS = "$(inherited) @executable_path/Frameworks @loader_path/Frameworks";
				PRODUCT_BUNDLE_IDENTIFIER = "com.yesgraph.$(PRODUCT_NAME:rfc1034identifier)";
				PRODUCT_NAME = "$(TARGET_NAME)";
			};
			name = Release;
		};
/* End XCBuildConfiguration section */

/* Begin XCConfigurationList section */
		38CC16B71B831606008477C7 /* Build configuration list for PBXProject "YesGraphSDK" */ = {
			isa = XCConfigurationList;
			buildConfigurations = (
				38CC16D11B831606008477C7 /* Debug */,
				38CC16D21B831606008477C7 /* Release */,
			);
			defaultConfigurationIsVisible = 0;
			defaultConfigurationName = Release;
		};
		38CC16D31B831606008477C7 /* Build configuration list for PBXNativeTarget "YesGraphSDK" */ = {
			isa = XCConfigurationList;
			buildConfigurations = (
				38CC16D41B831606008477C7 /* Debug */,
				38CC16D51B831606008477C7 /* Release */,
			);
			defaultConfigurationIsVisible = 0;
			defaultConfigurationName = Release;
		};
		38CC16D61B831606008477C7 /* Build configuration list for PBXNativeTarget "YesGraphSDKTests" */ = {
			isa = XCConfigurationList;
			buildConfigurations = (
				38CC16D71B831606008477C7 /* Debug */,
				38CC16D81B831606008477C7 /* Release */,
			);
			defaultConfigurationIsVisible = 0;
			defaultConfigurationName = Release;
		};
/* End XCConfigurationList section */
	};
	rootObject = 38CC16B41B831606008477C7 /* Project object */;
}
