// !$*UTF8*$!
{
	archiveVersion = 1;
	classes = {
	};
	objectVersion = 46;
	objects = {

/* Begin PBXBuildFile section */
		303358BA1BBB5BBC002F5E92 /* OpenSans-Regular.ttf in Resources */ = {isa = PBXBuildFile; fileRef = 303358B01BBB5BBC002F5E92 /* OpenSans-Regular.ttf */; };
		303358BB1BBB5BBC002F5E92 /* OpenSans-Semibold.ttf in Resources */ = {isa = PBXBuildFile; fileRef = 303358B11BBB5BBC002F5E92 /* OpenSans-Semibold.ttf */; };
		380FD8381BC684BE00162D85 /* Main.storyboard in Resources */ = {isa = PBXBuildFile; fileRef = 380FD8371BC684BE00162D85 /* Main.storyboard */; };
		380FD8401BC6852200162D85 /* LaunchScreen.storyboard in Resources */ = {isa = PBXBuildFile; fileRef = 380FD83F1BC6852200162D85 /* LaunchScreen.storyboard */; };
		38343AF21BC6B2CD00DD635B /* libYesGraphSDKStatic.a in Frameworks */ = {isa = PBXBuildFile; fileRef = 38343AF11BC6B2CD00DD635B /* libYesGraphSDKStatic.a */; };
		3E1864971BA85833007C8859 /* main.m in Sources */ = {isa = PBXBuildFile; fileRef = 3E1864961BA85833007C8859 /* main.m */; };
		3E18649A1BA85833007C8859 /* AppDelegate.m in Sources */ = {isa = PBXBuildFile; fileRef = 3E1864991BA85833007C8859 /* AppDelegate.m */; };
		3E18649D1BA85833007C8859 /* ViewController.m in Sources */ = {isa = PBXBuildFile; fileRef = 3E18649C1BA85833007C8859 /* ViewController.m */; };
		3E1864B01BA85833007C8859 /* Example_StaticTests.m in Sources */ = {isa = PBXBuildFile; fileRef = 3E1864AF1BA85833007C8859 /* Example_StaticTests.m */; };
		3EFDB0B71BAC48BC00F51816 /* Images.xcassets in Resources */ = {isa = PBXBuildFile; fileRef = 3EFDB0B61BAC48BC00F51816 /* Images.xcassets */; };
/* End PBXBuildFile section */

/* Begin PBXContainerItemProxy section */
		3E1864AC1BA85833007C8859 /* PBXContainerItemProxy */ = {
			isa = PBXContainerItemProxy;
			containerPortal = 3E18648A1BA85833007C8859 /* Project object */;
			proxyType = 1;
			remoteGlobalIDString = 3E1864911BA85833007C8859;
			remoteInfo = "Example-Static";
		};
/* End PBXContainerItemProxy section */

/* Begin PBXFileReference section */
		303358B01BBB5BBC002F5E92 /* OpenSans-Regular.ttf */ = {isa = PBXFileReference; lastKnownFileType = file; name = "OpenSans-Regular.ttf"; path = "../../Resources/OpenSans-Regular.ttf"; sourceTree = "<group>"; };
		303358B11BBB5BBC002F5E92 /* OpenSans-Semibold.ttf */ = {isa = PBXFileReference; lastKnownFileType = file; name = "OpenSans-Semibold.ttf"; path = "../../Resources/OpenSans-Semibold.ttf"; sourceTree = "<group>"; };
		380FD8371BC684BE00162D85 /* Main.storyboard */ = {isa = PBXFileReference; fileEncoding = 4; lastKnownFileType = file.storyboard; name = Main.storyboard; path = ../../Resources/Main.storyboard; sourceTree = "<group>"; };
		380FD83F1BC6852200162D85 /* LaunchScreen.storyboard */ = {isa = PBXFileReference; fileEncoding = 4; lastKnownFileType = file.storyboard; name = LaunchScreen.storyboard; path = ../../Resources/LaunchScreen.storyboard; sourceTree = "<group>"; };
		38343AF11BC6B2CD00DD635B /* libYesGraphSDKStatic.a */ = {isa = PBXFileReference; lastKnownFileType = archive.ar; name = libYesGraphSDKStatic.a; path = "../../../../../../../Library/Developer/Xcode/DerivedData/YesGraph-dmvdbqlyrqulpgbauccpnobibggz/Build/Products/Debug-iphoneos/libYesGraphSDKStatic.a"; sourceTree = "<group>"; };
		38343AF51BC6B4C700DD635B /* YSGValueTransformer.h */ = {isa = PBXFileReference; lastKnownFileType = sourcecode.c.h; name = YSGValueTransformer.h; path = ../YesGraphSDK/YesGraphSDK/Library/YSGParsing/YSGValueTransformer.h; sourceTree = "<group>"; };
		38343AF61BC6B4C700DD635B /* YSGUtility.h */ = {isa = PBXFileReference; lastKnownFileType = sourcecode.c.h; name = YSGUtility.h; path = ../YesGraphSDK/YesGraphSDK/Library/Utility/YSGUtility.h; sourceTree = "<group>"; };
		38343AF71BC6B4C700DD635B /* YSGTwitterService.h */ = {isa = PBXFileReference; lastKnownFileType = sourcecode.c.h; name = YSGTwitterService.h; path = ../YesGraphSDK/YesGraphSDK/Service/Twitter/YSGTwitterService.h; sourceTree = "<group>"; };
		38343AF81BC6B4C700DD635B /* YSGThemeConstants+AddressBook.h */ = {isa = PBXFileReference; lastKnownFileType = sourcecode.c.h; name = "YSGThemeConstants+AddressBook.h"; path = "../YesGraphSDK/YesGraphSDK/Theme/YSGThemeConstants+AddressBook.h"; sourceTree = "<group>"; };
		38343AF91BC6B4C700DD635B /* YSGThemeConstants.h */ = {isa = PBXFileReference; lastKnownFileType = sourcecode.c.h; name = YSGThemeConstants.h; path = ../YesGraphSDK/YesGraphSDK/Theme/YSGThemeConstants.h; sourceTree = "<group>"; };
		38343AFA1BC6B4C700DD635B /* YSGTheme.h */ = {isa = PBXFileReference; lastKnownFileType = sourcecode.c.h; name = YSGTheme.h; path = ../YesGraphSDK/YesGraphSDK/Theme/YSGTheme.h; sourceTree = "<group>"; };
		38343AFB1BC6B4C700DD635B /* YSGStyling.h */ = {isa = PBXFileReference; lastKnownFileType = sourcecode.c.h; name = YSGStyling.h; path = ../YesGraphSDK/YesGraphSDK/Theme/YSGStyling.h; sourceTree = "<group>"; };
		38343AFC1BC6B4C700DD635B /* YSGSources.h */ = {isa = PBXFileReference; lastKnownFileType = sourcecode.c.h; name = YSGSources.h; path = ../YesGraphSDK/YesGraphSDK/Service/Invite/Source/YSGSources.h; sourceTree = "<group>"; };
		38343AFD1BC6B4C700DD635B /* YSGSource.h */ = {isa = PBXFileReference; lastKnownFileType = sourcecode.c.h; name = YSGSource.h; path = ../YesGraphSDK/YesGraphSDK/Model/YSGSource.h; sourceTree = "<group>"; };
		38343AFE1BC6B4C700DD635B /* YSGSocialService.h */ = {isa = PBXFileReference; lastKnownFileType = sourcecode.c.h; name = YSGSocialService.h; path = ../YesGraphSDK/YesGraphSDK/Service/Social/YSGSocialService.h; sourceTree = "<group>"; };
		38343AFF1BC6B4C700DD635B /* YSGShareSheetServiceCell.h */ = {isa = PBXFileReference; lastKnownFileType = sourcecode.c.h; name = YSGShareSheetServiceCell.h; path = ../YesGraphSDK/YesGraphSDK/UI/YSGShareSheetServiceCell.h; sourceTree = "<group>"; };
		38343B001BC6B4C700DD635B /* YSGShareSheetController.h */ = {isa = PBXFileReference; lastKnownFileType = sourcecode.c.h; name = YSGShareSheetController.h; path = ../YesGraphSDK/YesGraphSDK/Core/YSGShareSheetController.h; sourceTree = "<group>"; };
		38343B011BC6B4C700DD635B /* YSGShareService.h */ = {isa = PBXFileReference; lastKnownFileType = sourcecode.c.h; name = YSGShareService.h; path = ../YesGraphSDK/YesGraphSDK/Core/YSGShareService.h; sourceTree = "<group>"; };
		38343B021BC6B4C700DD635B /* YSGShareCellShapeEnum.h */ = {isa = PBXFileReference; lastKnownFileType = sourcecode.c.h; name = YSGShareCellShapeEnum.h; path = ../YesGraphSDK/YesGraphSDK/UI/YSGShareCellShapeEnum.h; sourceTree = "<group>"; };
		38343B031BC6B4C700DD635B /* YSGShareButtonFadeFactors.h */ = {isa = PBXFileReference; lastKnownFileType = sourcecode.c.h; name = YSGShareButtonFadeFactors.h; path = ../YesGraphSDK/YesGraphSDK/Theme/YSGShareButtonFadeFactors.h; sourceTree = "<group>"; };
		38343B041BC6B4C700DD635B /* YSGShareAddressBookTheme.h */ = {isa = PBXFileReference; lastKnownFileType = sourcecode.c.h; name = YSGShareAddressBookTheme.h; path = ../YesGraphSDK/YesGraphSDK/Theme/YSGShareAddressBookTheme.h; sourceTree = "<group>"; };
		38343B051BC6B4C700DD635B /* YSGServices.h */ = {isa = PBXFileReference; lastKnownFileType = sourcecode.c.h; name = YSGServices.h; path = ../YesGraphSDK/YesGraphSDK/Service/YSGServices.h; sourceTree = "<group>"; };
		38343B061BC6B4C700DD635B /* YSGRankedContact.h */ = {isa = PBXFileReference; lastKnownFileType = sourcecode.c.h; name = YSGRankedContact.h; path = ../YesGraphSDK/YesGraphSDK/Model/YSGRankedContact.h; sourceTree = "<group>"; };
		38343B071BC6B4C700DD635B /* YSGParsing.h */ = {isa = PBXFileReference; lastKnownFileType = sourcecode.c.h; name = YSGParsing.h; path = ../YesGraphSDK/YesGraphSDK/Library/YSGParsing/YSGParsing.h; sourceTree = "<group>"; };
		38343B081BC6B4C700DD635B /* YSGParsableModel.h */ = {isa = PBXFileReference; lastKnownFileType = sourcecode.c.h; name = YSGParsableModel.h; path = ../YesGraphSDK/YesGraphSDK/Library/YSGParsing/YSGParsableModel.h; sourceTree = "<group>"; };
		38343B091BC6B4C700DD635B /* YSGParsable.h */ = {isa = PBXFileReference; lastKnownFileType = sourcecode.c.h; name = YSGParsable.h; path = ../YesGraphSDK/YesGraphSDK/Library/YSGParsing/YSGParsable.h; sourceTree = "<group>"; };
		38343B0A1BC6B4C700DD635B /* YSGOnlineContactSource.h */ = {isa = PBXFileReference; lastKnownFileType = sourcecode.c.h; name = YSGOnlineContactSource.h; path = ../YesGraphSDK/YesGraphSDK/Service/Invite/Source/YSGOnlineContactSource.h; sourceTree = "<group>"; };
		38343B0B1BC6B4C700DD635B /* YSGNetworkResponse.h */ = {isa = PBXFileReference; lastKnownFileType = sourcecode.c.h; name = YSGNetworkResponse.h; path = ../YesGraphSDK/YesGraphSDK/Network/YSGNetworkResponse.h; sourceTree = "<group>"; };
		38343B0C1BC6B4C700DD635B /* YSGNetworkDefines.h */ = {isa = PBXFileReference; lastKnownFileType = sourcecode.c.h; name = YSGNetworkDefines.h; path = ../YesGraphSDK/YesGraphSDK/Network/YSGNetworkDefines.h; sourceTree = "<group>"; };
		38343B0D1BC6B4C700DD635B /* YSGNetwork.h */ = {isa = PBXFileReference; lastKnownFileType = sourcecode.c.h; name = YSGNetwork.h; path = ../YesGraphSDK/YesGraphSDK/Network/YSGNetwork.h; sourceTree = "<group>"; };
		38343B0E1BC6B4C700DD635B /* YSGModel.h */ = {isa = PBXFileReference; lastKnownFileType = sourcecode.c.h; name = YSGModel.h; path = ../YesGraphSDK/YesGraphSDK/Model/YSGModel.h; sourceTree = "<group>"; };
		38343B0F1BC6B4C700DD635B /* YSGMessaging.h */ = {isa = PBXFileReference; lastKnownFileType = sourcecode.c.h; name = YSGMessaging.h; path = ../YesGraphSDK/YesGraphSDK/Library/YSGMessaging/YSGMessaging.h; sourceTree = "<group>"; };
		38343B101BC6B4C700DD635B /* YSGMessageCenter.h */ = {isa = PBXFileReference; lastKnownFileType = sourcecode.c.h; name = YSGMessageCenter.h; path = ../YesGraphSDK/YesGraphSDK/Library/YSGMessaging/YSGMessageCenter.h; sourceTree = "<group>"; };
		38343B111BC6B4C700DD635B /* YSGMacros.h */ = {isa = PBXFileReference; lastKnownFileType = sourcecode.c.h; name = YSGMacros.h; path = ../YesGraphSDK/YesGraphSDK/Core/YSGMacros.h; sourceTree = "<group>"; };
		38343B121BC6B4C700DD635B /* YSGLocalContactSource.h */ = {isa = PBXFileReference; lastKnownFileType = sourcecode.c.h; name = YSGLocalContactSource.h; path = ../YesGraphSDK/YesGraphSDK/Service/Invite/Source/YSGLocalContactSource.h; sourceTree = "<group>"; };
		38343B131BC6B4C700DD635B /* YSGInviteService.h */ = {isa = PBXFileReference; lastKnownFileType = sourcecode.c.h; name = YSGInviteService.h; path = ../YesGraphSDK/YesGraphSDK/Service/Invite/YSGInviteService.h; sourceTree = "<group>"; };
		38343B141BC6B4C700DD635B /* YSGIconDrawings.h */ = {isa = PBXFileReference; lastKnownFileType = sourcecode.c.h; name = YSGIconDrawings.h; path = ../YesGraphSDK/YesGraphSDK/Library/YSGDrawing/YSGIconDrawings.h; sourceTree = "<group>"; };
		38343B151BC6B4C700DD635B /* YSGFacebookService.h */ = {isa = PBXFileReference; lastKnownFileType = sourcecode.c.h; name = YSGFacebookService.h; path = ../YesGraphSDK/YesGraphSDK/Service/Facebook/YSGFacebookService.h; sourceTree = "<group>"; };
		38343B161BC6B4C700DD635B /* YSGDrawingConstants.h */ = {isa = PBXFileReference; lastKnownFileType = sourcecode.c.h; name = YSGDrawingConstants.h; path = ../YesGraphSDK/YesGraphSDK/Library/YSGDrawing/YSGDrawingConstants.h; sourceTree = "<group>"; };
		38343B171BC6B4C700DD635B /* YSGDrawing.h */ = {isa = PBXFileReference; lastKnownFileType = sourcecode.c.h; name = YSGDrawing.h; path = ../YesGraphSDK/YesGraphSDK/Library/YSGDrawing/YSGDrawing.h; sourceTree = "<group>"; };
		38343B181BC6B4C700DD635B /* YSGDrawableView.h */ = {isa = PBXFileReference; lastKnownFileType = sourcecode.c.h; name = YSGDrawableView.h; path = ../YesGraphSDK/YesGraphSDK/Library/YSGDrawing/YSGDrawableView.h; sourceTree = "<group>"; };
		38343B191BC6B4C700DD635B /* YSGContactSource.h */ = {isa = PBXFileReference; lastKnownFileType = sourcecode.c.h; name = YSGContactSource.h; path = ../YesGraphSDK/YesGraphSDK/Service/Invite/Source/YSGContactSource.h; sourceTree = "<group>"; };
		38343B1A1BC6B4C700DD635B /* YSGContactList.h */ = {isa = PBXFileReference; lastKnownFileType = sourcecode.c.h; name = YSGContactList.h; path = ../YesGraphSDK/YesGraphSDK/Model/YSGContactList.h; sourceTree = "<group>"; };
		38343B1B1BC6B4C700DD635B /* YSGContact.h */ = {isa = PBXFileReference; lastKnownFileType = sourcecode.c.h; name = YSGContact.h; path = ../YesGraphSDK/YesGraphSDK/Model/YSGContact.h; sourceTree = "<group>"; };
		38343B1C1BC6B4C700DD635B /* YSGConstants.h */ = {isa = PBXFileReference; lastKnownFileType = sourcecode.c.h; name = YSGConstants.h; path = ../YesGraphSDK/YesGraphSDK/Core/YSGConstants.h; sourceTree = "<group>"; };
		38343B1D1BC6B4C700DD635B /* YSGClient+SuggestionsShown.h */ = {isa = PBXFileReference; lastKnownFileType = sourcecode.c.h; name = "YSGClient+SuggestionsShown.h"; path = "../YesGraphSDK/YesGraphSDK/Network/YSGClient+SuggestionsShown.h"; sourceTree = "<group>"; };
		38343B1E1BC6B4C700DD635B /* YSGClient+Private.h */ = {isa = PBXFileReference; lastKnownFileType = sourcecode.c.h; name = "YSGClient+Private.h"; path = "../YesGraphSDK/YesGraphSDK/Network/YSGClient+Private.h"; sourceTree = "<group>"; };
		38343B1F1BC6B4C700DD635B /* YSGClient+Invite.h */ = {isa = PBXFileReference; lastKnownFileType = sourcecode.c.h; name = "YSGClient+Invite.h"; path = "../YesGraphSDK/YesGraphSDK/Network/YSGClient+Invite.h"; sourceTree = "<group>"; };
		38343B201BC6B4C700DD635B /* YSGClient+AddressBook.h */ = {isa = PBXFileReference; lastKnownFileType = sourcecode.c.h; name = "YSGClient+AddressBook.h"; path = "../YesGraphSDK/YesGraphSDK/Network/YSGClient+AddressBook.h"; sourceTree = "<group>"; };
		38343B211BC6B4C700DD635B /* YSGClient.h */ = {isa = PBXFileReference; lastKnownFileType = sourcecode.c.h; name = YSGClient.h; path = ../YesGraphSDK/YesGraphSDK/Network/YSGClient.h; sourceTree = "<group>"; };
		38343B221BC6B4C700DD635B /* YSGCacheContactSource.h */ = {isa = PBXFileReference; lastKnownFileType = sourcecode.c.h; name = YSGCacheContactSource.h; path = ../YesGraphSDK/YesGraphSDK/Service/Invite/Source/YSGCacheContactSource.h; sourceTree = "<group>"; };
		38343B231BC6B4C700DD635B /* YSGAddressBookViewController.h */ = {isa = PBXFileReference; lastKnownFileType = sourcecode.c.h; name = YSGAddressBookViewController.h; path = ../YesGraphSDK/YesGraphSDK/AddressBook/YSGAddressBookViewController.h; sourceTree = "<group>"; };
		38343B241BC6B4C700DD635B /* YSGAddressBookCell.h */ = {isa = PBXFileReference; lastKnownFileType = sourcecode.c.h; name = YSGAddressBookCell.h; path = ../YesGraphSDK/YesGraphSDK/AddressBook/YSGAddressBookCell.h; sourceTree = "<group>"; };
		38343B251BC6B4C700DD635B /* YesGraphSDK.h */ = {isa = PBXFileReference; lastKnownFileType = sourcecode.c.h; name = YesGraphSDK.h; path = ../YesGraphSDK/YesGraphSDK/YesGraphSDK.h; sourceTree = "<group>"; };
		38343B261BC6B4C700DD635B /* YesGraph.h */ = {isa = PBXFileReference; lastKnownFileType = sourcecode.c.h; name = YesGraph.h; path = ../YesGraphSDK/YesGraphSDK/Main/YesGraph.h; sourceTree = "<group>"; };
		38343B271BC6B4C700DD635B /* UITableView+YSGEmptyView.h */ = {isa = PBXFileReference; lastKnownFileType = sourcecode.c.h; name = "UITableView+YSGEmptyView.h"; path = "../YesGraphSDK/YesGraphSDK/Library/UITableView+YSGEmptyView/UITableView+YSGEmptyView.h"; sourceTree = "<group>"; };
		38343B281BC6B4C700DD635B /* UIAlertController+YSGDisplay.h */ = {isa = PBXFileReference; lastKnownFileType = sourcecode.c.h; name = "UIAlertController+YSGDisplay.h"; path = "../YesGraphSDK/YesGraphSDK/Library/UIAlertController+YSGDisplay/UIAlertController+YSGDisplay.h"; sourceTree = "<group>"; };
		38343B291BC6B4C700DD635B /* NSObject+YSGParsable.h */ = {isa = PBXFileReference; lastKnownFileType = sourcecode.c.h; name = "NSObject+YSGParsable.h"; path = "../YesGraphSDK/YesGraphSDK/Library/YSGParsing/NSObject+YSGParsable.h"; sourceTree = "<group>"; };
		38343B2A1BC6B4C700DD635B /* NSObject+YSGIntrospection.h */ = {isa = PBXFileReference; lastKnownFileType = sourcecode.c.h; name = "NSObject+YSGIntrospection.h"; path = "../YesGraphSDK/YesGraphSDK/Library/YSGParsing/NSObject+YSGIntrospection.h"; sourceTree = "<group>"; };
		38343B2B1BC6B4C700DD635B /* NSArray+YSGParsable.h */ = {isa = PBXFileReference; lastKnownFileType = sourcecode.c.h; name = "NSArray+YSGParsable.h"; path = "../YesGraphSDK/YesGraphSDK/Library/YSGParsing/NSArray+YSGParsable.h"; sourceTree = "<group>"; };
		3E1864921BA85833007C8859 /* Example-Static.app */ = {isa = PBXFileReference; explicitFileType = wrapper.application; includeInIndex = 0; path = "Example-Static.app"; sourceTree = BUILT_PRODUCTS_DIR; };
		3E1864961BA85833007C8859 /* main.m */ = {isa = PBXFileReference; lastKnownFileType = sourcecode.c.objc; path = main.m; sourceTree = "<group>"; };
		3E1864981BA85833007C8859 /* AppDelegate.h */ = {isa = PBXFileReference; lastKnownFileType = sourcecode.c.h; path = AppDelegate.h; sourceTree = "<group>"; };
		3E1864991BA85833007C8859 /* AppDelegate.m */ = {isa = PBXFileReference; lastKnownFileType = sourcecode.c.objc; path = AppDelegate.m; sourceTree = "<group>"; };
		3E18649B1BA85833007C8859 /* ViewController.h */ = {isa = PBXFileReference; lastKnownFileType = sourcecode.c.h; path = ViewController.h; sourceTree = "<group>"; };
		3E18649C1BA85833007C8859 /* ViewController.m */ = {isa = PBXFileReference; lastKnownFileType = sourcecode.c.objc; path = ViewController.m; sourceTree = "<group>"; };
		3E1864A61BA85833007C8859 /* Info.plist */ = {isa = PBXFileReference; lastKnownFileType = text.plist.xml; path = Info.plist; sourceTree = "<group>"; };
		3E1864AB1BA85833007C8859 /* Example-StaticTests.xctest */ = {isa = PBXFileReference; explicitFileType = wrapper.cfbundle; includeInIndex = 0; path = "Example-StaticTests.xctest"; sourceTree = BUILT_PRODUCTS_DIR; };
		3E1864AF1BA85833007C8859 /* Example_StaticTests.m */ = {isa = PBXFileReference; lastKnownFileType = sourcecode.c.objc; path = Example_StaticTests.m; sourceTree = "<group>"; };
		3E1864B11BA85833007C8859 /* Info.plist */ = {isa = PBXFileReference; lastKnownFileType = text.plist.xml; path = Info.plist; sourceTree = "<group>"; };
		3EFDB0B61BAC48BC00F51816 /* Images.xcassets */ = {isa = PBXFileReference; lastKnownFileType = folder.assetcatalog; name = Images.xcassets; path = ../../Resources/Images.xcassets; sourceTree = "<group>"; };
/* End PBXFileReference section */

/* Begin PBXFrameworksBuildPhase section */
		3E18648F1BA85833007C8859 /* Frameworks */ = {
			isa = PBXFrameworksBuildPhase;
			buildActionMask = 2147483647;
			files = (
				38343AF21BC6B2CD00DD635B /* libYesGraphSDKStatic.a in Frameworks */,
			);
			runOnlyForDeploymentPostprocessing = 0;
		};
		3E1864A81BA85833007C8859 /* Frameworks */ = {
			isa = PBXFrameworksBuildPhase;
			buildActionMask = 2147483647;
			files = (
			);
			runOnlyForDeploymentPostprocessing = 0;
		};
/* End PBXFrameworksBuildPhase section */

/* Begin PBXGroup section */
		303358A81BBB5BB3002F5E92 /* Fonts */ = {
			isa = PBXGroup;
			children = (
				303358B01BBB5BBC002F5E92 /* OpenSans-Regular.ttf */,
				303358B11BBB5BBC002F5E92 /* OpenSans-Semibold.ttf */,
			);
			name = Fonts;
			sourceTree = "<group>";
		};
		38343AF31BC6B35100DD635B /* YesGraph */ = {
			isa = PBXGroup;
			children = (
				38343AF41BC6B35800DD635B /* Headers */,
				38343AF11BC6B2CD00DD635B /* libYesGraphSDKStatic.a */,
			);
			name = YesGraph;
			sourceTree = "<group>";
		};
		38343AF41BC6B35800DD635B /* Headers */ = {
			isa = PBXGroup;
			children = (
				38343AF51BC6B4C700DD635B /* YSGValueTransformer.h */,
				38343AF61BC6B4C700DD635B /* YSGUtility.h */,
				38343AF71BC6B4C700DD635B /* YSGTwitterService.h */,
				38343AF81BC6B4C700DD635B /* YSGThemeConstants+AddressBook.h */,
				38343AF91BC6B4C700DD635B /* YSGThemeConstants.h */,
				38343AFA1BC6B4C700DD635B /* YSGTheme.h */,
				38343AFB1BC6B4C700DD635B /* YSGStyling.h */,
				38343AFC1BC6B4C700DD635B /* YSGSources.h */,
				38343AFD1BC6B4C700DD635B /* YSGSource.h */,
				38343AFE1BC6B4C700DD635B /* YSGSocialService.h */,
				38343AFF1BC6B4C700DD635B /* YSGShareSheetServiceCell.h */,
				38343B001BC6B4C700DD635B /* YSGShareSheetController.h */,
				38343B011BC6B4C700DD635B /* YSGShareService.h */,
				38343B021BC6B4C700DD635B /* YSGShareCellShapeEnum.h */,
				38343B031BC6B4C700DD635B /* YSGShareButtonFadeFactors.h */,
				38343B041BC6B4C700DD635B /* YSGShareAddressBookTheme.h */,
				38343B051BC6B4C700DD635B /* YSGServices.h */,
				38343B061BC6B4C700DD635B /* YSGRankedContact.h */,
				38343B071BC6B4C700DD635B /* YSGParsing.h */,
				38343B081BC6B4C700DD635B /* YSGParsableModel.h */,
				38343B091BC6B4C700DD635B /* YSGParsable.h */,
				38343B0A1BC6B4C700DD635B /* YSGOnlineContactSource.h */,
				38343B0B1BC6B4C700DD635B /* YSGNetworkResponse.h */,
				38343B0C1BC6B4C700DD635B /* YSGNetworkDefines.h */,
				38343B0D1BC6B4C700DD635B /* YSGNetwork.h */,
				38343B0E1BC6B4C700DD635B /* YSGModel.h */,
				38343B0F1BC6B4C700DD635B /* YSGMessaging.h */,
				38343B101BC6B4C700DD635B /* YSGMessageCenter.h */,
				38343B111BC6B4C700DD635B /* YSGMacros.h */,
				38343B121BC6B4C700DD635B /* YSGLocalContactSource.h */,
				38343B131BC6B4C700DD635B /* YSGInviteService.h */,
				38343B141BC6B4C700DD635B /* YSGIconDrawings.h */,
				38343B151BC6B4C700DD635B /* YSGFacebookService.h */,
				38343B161BC6B4C700DD635B /* YSGDrawingConstants.h */,
				38343B171BC6B4C700DD635B /* YSGDrawing.h */,
				38343B181BC6B4C700DD635B /* YSGDrawableView.h */,
				38343B191BC6B4C700DD635B /* YSGContactSource.h */,
				38343B1A1BC6B4C700DD635B /* YSGContactList.h */,
				38343B1B1BC6B4C700DD635B /* YSGContact.h */,
				38343B1C1BC6B4C700DD635B /* YSGConstants.h */,
				38343B1D1BC6B4C700DD635B /* YSGClient+SuggestionsShown.h */,
				38343B1E1BC6B4C700DD635B /* YSGClient+Private.h */,
				38343B1F1BC6B4C700DD635B /* YSGClient+Invite.h */,
				38343B201BC6B4C700DD635B /* YSGClient+AddressBook.h */,
				38343B211BC6B4C700DD635B /* YSGClient.h */,
				38343B221BC6B4C700DD635B /* YSGCacheContactSource.h */,
				38343B231BC6B4C700DD635B /* YSGAddressBookViewController.h */,
				38343B241BC6B4C700DD635B /* YSGAddressBookCell.h */,
				38343B251BC6B4C700DD635B /* YesGraphSDK.h */,
				38343B261BC6B4C700DD635B /* YesGraph.h */,
				38343B271BC6B4C700DD635B /* UITableView+YSGEmptyView.h */,
				38343B281BC6B4C700DD635B /* UIAlertController+YSGDisplay.h */,
				38343B291BC6B4C700DD635B /* NSObject+YSGParsable.h */,
				38343B2A1BC6B4C700DD635B /* NSObject+YSGIntrospection.h */,
				38343B2B1BC6B4C700DD635B /* NSArray+YSGParsable.h */,
			);
			name = Headers;
			sourceTree = "<group>";
		};
		3E1864891BA85833007C8859 = {
			isa = PBXGroup;
			children = (
				3E1864941BA85833007C8859 /* Example-Static */,
				3E1864AE1BA85833007C8859 /* Example-StaticTests */,
				3E1864BA1BA85874007C8859 /* Frameworks */,
				3E1864931BA85833007C8859 /* Products */,
			);
			sourceTree = "<group>";
		};
		3E1864931BA85833007C8859 /* Products */ = {
			isa = PBXGroup;
			children = (
				3E1864921BA85833007C8859 /* Example-Static.app */,
				3E1864AB1BA85833007C8859 /* Example-StaticTests.xctest */,
			);
			name = Products;
			sourceTree = "<group>";
		};
		3E1864941BA85833007C8859 /* Example-Static */ = {
			isa = PBXGroup;
			children = (
				303358A81BBB5BB3002F5E92 /* Fonts */,
				3EFDB0B61BAC48BC00F51816 /* Images.xcassets */,
				3E1864981BA85833007C8859 /* AppDelegate.h */,
				3E1864991BA85833007C8859 /* AppDelegate.m */,
				3E18649B1BA85833007C8859 /* ViewController.h */,
				3E18649C1BA85833007C8859 /* ViewController.m */,
				380FD83F1BC6852200162D85 /* LaunchScreen.storyboard */,
				380FD8371BC684BE00162D85 /* Main.storyboard */,
				3E1864951BA85833007C8859 /* Supporting Files */,
			);
			path = "Example-Static";
			sourceTree = "<group>";
		};
		3E1864951BA85833007C8859 /* Supporting Files */ = {
			isa = PBXGroup;
			children = (
				3E1864A61BA85833007C8859 /* Info.plist */,
				3E1864961BA85833007C8859 /* main.m */,
			);
			name = "Supporting Files";
			sourceTree = "<group>";
		};
		3E1864AE1BA85833007C8859 /* Example-StaticTests */ = {
			isa = PBXGroup;
			children = (
				3E1864AF1BA85833007C8859 /* Example_StaticTests.m */,
				3E1864B11BA85833007C8859 /* Info.plist */,
			);
			path = "Example-StaticTests";
			sourceTree = "<group>";
		};
		3E1864BA1BA85874007C8859 /* Frameworks */ = {
			isa = PBXGroup;
			children = (
				38343AF31BC6B35100DD635B /* YesGraph */,
			);
			name = Frameworks;
			sourceTree = "<group>";
		};
/* End PBXGroup section */

/* Begin PBXNativeTarget section */
		3E1864911BA85833007C8859 /* Example-Static */ = {
			isa = PBXNativeTarget;
			buildConfigurationList = 3E1864B41BA85833007C8859 /* Build configuration list for PBXNativeTarget "Example-Static" */;
			buildPhases = (
				3E18648E1BA85833007C8859 /* Sources */,
				3E18648F1BA85833007C8859 /* Frameworks */,
				3E1864901BA85833007C8859 /* Resources */,
			);
			buildRules = (
			);
			dependencies = (
			);
			name = "Example-Static";
			productName = "Example-Static";
			productReference = 3E1864921BA85833007C8859 /* Example-Static.app */;
			productType = "com.apple.product-type.application";
		};
		3E1864AA1BA85833007C8859 /* Example-StaticTests */ = {
			isa = PBXNativeTarget;
			buildConfigurationList = 3E1864B71BA85833007C8859 /* Build configuration list for PBXNativeTarget "Example-StaticTests" */;
			buildPhases = (
				3E1864A71BA85833007C8859 /* Sources */,
				3E1864A81BA85833007C8859 /* Frameworks */,
				3E1864A91BA85833007C8859 /* Resources */,
			);
			buildRules = (
			);
			dependencies = (
				3E1864AD1BA85833007C8859 /* PBXTargetDependency */,
			);
			name = "Example-StaticTests";
			productName = "Example-StaticTests";
			productReference = 3E1864AB1BA85833007C8859 /* Example-StaticTests.xctest */;
			productType = "com.apple.product-type.bundle.unit-test";
		};
/* End PBXNativeTarget section */

/* Begin PBXProject section */
		3E18648A1BA85833007C8859 /* Project object */ = {
			isa = PBXProject;
			attributes = {
				LastUpgradeCheck = 0700;
				ORGANIZATIONNAME = YesGraph;
				TargetAttributes = {
					3E1864911BA85833007C8859 = {
						CreatedOnToolsVersion = 7.0;
					};
					3E1864AA1BA85833007C8859 = {
						CreatedOnToolsVersion = 7.0;
						TestTargetID = 3E1864911BA85833007C8859;
					};
				};
			};
			buildConfigurationList = 3E18648D1BA85833007C8859 /* Build configuration list for PBXProject "Example-Static" */;
			compatibilityVersion = "Xcode 3.2";
			developmentRegion = English;
			hasScannedForEncodings = 0;
			knownRegions = (
				en,
				Base,
			);
			mainGroup = 3E1864891BA85833007C8859;
			productRefGroup = 3E1864931BA85833007C8859 /* Products */;
			projectDirPath = "";
			projectRoot = "";
			targets = (
				3E1864911BA85833007C8859 /* Example-Static */,
				3E1864AA1BA85833007C8859 /* Example-StaticTests */,
			);
		};
/* End PBXProject section */

/* Begin PBXResourcesBuildPhase section */
		3E1864901BA85833007C8859 /* Resources */ = {
			isa = PBXResourcesBuildPhase;
			buildActionMask = 2147483647;
			files = (
				303358BB1BBB5BBC002F5E92 /* OpenSans-Semibold.ttf in Resources */,
				3EFDB0B71BAC48BC00F51816 /* Images.xcassets in Resources */,
				303358BA1BBB5BBC002F5E92 /* OpenSans-Regular.ttf in Resources */,
				380FD8401BC6852200162D85 /* LaunchScreen.storyboard in Resources */,
				380FD8381BC684BE00162D85 /* Main.storyboard in Resources */,
			);
			runOnlyForDeploymentPostprocessing = 0;
		};
		3E1864A91BA85833007C8859 /* Resources */ = {
			isa = PBXResourcesBuildPhase;
			buildActionMask = 2147483647;
			files = (
			);
			runOnlyForDeploymentPostprocessing = 0;
		};
/* End PBXResourcesBuildPhase section */

/* Begin PBXSourcesBuildPhase section */
		3E18648E1BA85833007C8859 /* Sources */ = {
			isa = PBXSourcesBuildPhase;
			buildActionMask = 2147483647;
			files = (
				3E18649D1BA85833007C8859 /* ViewController.m in Sources */,
				3E18649A1BA85833007C8859 /* AppDelegate.m in Sources */,
				3E1864971BA85833007C8859 /* main.m in Sources */,
			);
			runOnlyForDeploymentPostprocessing = 0;
		};
		3E1864A71BA85833007C8859 /* Sources */ = {
			isa = PBXSourcesBuildPhase;
			buildActionMask = 2147483647;
			files = (
				3E1864B01BA85833007C8859 /* Example_StaticTests.m in Sources */,
			);
			runOnlyForDeploymentPostprocessing = 0;
		};
/* End PBXSourcesBuildPhase section */

/* Begin PBXTargetDependency section */
		3E1864AD1BA85833007C8859 /* PBXTargetDependency */ = {
			isa = PBXTargetDependency;
			target = 3E1864911BA85833007C8859 /* Example-Static */;
			targetProxy = 3E1864AC1BA85833007C8859 /* PBXContainerItemProxy */;
		};
/* End PBXTargetDependency section */

/* Begin XCBuildConfiguration section */
		3E1864B21BA85833007C8859 /* Debug */ = {
			isa = XCBuildConfiguration;
			buildSettings = {
				ALWAYS_SEARCH_USER_PATHS = NO;
				CLANG_CXX_LANGUAGE_STANDARD = "gnu++0x";
				CLANG_CXX_LIBRARY = "libc++";
				CLANG_ENABLE_MODULES = YES;
				CLANG_ENABLE_OBJC_ARC = YES;
				CLANG_WARN_BOOL_CONVERSION = YES;
				CLANG_WARN_CONSTANT_CONVERSION = YES;
				CLANG_WARN_DIRECT_OBJC_ISA_USAGE = YES_ERROR;
				CLANG_WARN_EMPTY_BODY = YES;
				CLANG_WARN_ENUM_CONVERSION = YES;
				CLANG_WARN_INT_CONVERSION = YES;
				CLANG_WARN_OBJC_ROOT_CLASS = YES_ERROR;
				CLANG_WARN_UNREACHABLE_CODE = YES;
				CLANG_WARN__DUPLICATE_METHOD_MATCH = YES;
				"CODE_SIGN_IDENTITY[sdk=iphoneos*]" = "iPhone Developer";
				COPY_PHASE_STRIP = NO;
				DEBUG_INFORMATION_FORMAT = dwarf;
				ENABLE_STRICT_OBJC_MSGSEND = YES;
				ENABLE_TESTABILITY = YES;
				GCC_C_LANGUAGE_STANDARD = gnu99;
				GCC_DYNAMIC_NO_PIC = NO;
				GCC_NO_COMMON_BLOCKS = YES;
				GCC_OPTIMIZATION_LEVEL = 0;
				GCC_PREPROCESSOR_DEFINITIONS = (
					"DEBUG=1",
					"$(inherited)",
				);
				GCC_WARN_64_TO_32_BIT_CONVERSION = YES;
				GCC_WARN_ABOUT_RETURN_TYPE = YES_ERROR;
				GCC_WARN_UNDECLARED_SELECTOR = YES;
				GCC_WARN_UNINITIALIZED_AUTOS = YES_AGGRESSIVE;
				GCC_WARN_UNUSED_FUNCTION = YES;
				GCC_WARN_UNUSED_VARIABLE = YES;
				IPHONEOS_DEPLOYMENT_TARGET = 8.0;
				MTL_ENABLE_DEBUG_INFO = YES;
				ONLY_ACTIVE_ARCH = YES;
				SDKROOT = iphoneos;
				TARGETED_DEVICE_FAMILY = "1,2";
			};
			name = Debug;
		};
		3E1864B31BA85833007C8859 /* Release */ = {
			isa = XCBuildConfiguration;
			buildSettings = {
				ALWAYS_SEARCH_USER_PATHS = NO;
				CLANG_CXX_LANGUAGE_STANDARD = "gnu++0x";
				CLANG_CXX_LIBRARY = "libc++";
				CLANG_ENABLE_MODULES = YES;
				CLANG_ENABLE_OBJC_ARC = YES;
				CLANG_WARN_BOOL_CONVERSION = YES;
				CLANG_WARN_CONSTANT_CONVERSION = YES;
				CLANG_WARN_DIRECT_OBJC_ISA_USAGE = YES_ERROR;
				CLANG_WARN_EMPTY_BODY = YES;
				CLANG_WARN_ENUM_CONVERSION = YES;
				CLANG_WARN_INT_CONVERSION = YES;
				CLANG_WARN_OBJC_ROOT_CLASS = YES_ERROR;
				CLANG_WARN_UNREACHABLE_CODE = YES;
				CLANG_WARN__DUPLICATE_METHOD_MATCH = YES;
				"CODE_SIGN_IDENTITY[sdk=iphoneos*]" = "iPhone Developer";
				COPY_PHASE_STRIP = NO;
				DEBUG_INFORMATION_FORMAT = "dwarf-with-dsym";
				ENABLE_NS_ASSERTIONS = NO;
				ENABLE_STRICT_OBJC_MSGSEND = YES;
				GCC_C_LANGUAGE_STANDARD = gnu99;
				GCC_NO_COMMON_BLOCKS = YES;
				GCC_WARN_64_TO_32_BIT_CONVERSION = YES;
				GCC_WARN_ABOUT_RETURN_TYPE = YES_ERROR;
				GCC_WARN_UNDECLARED_SELECTOR = YES;
				GCC_WARN_UNINITIALIZED_AUTOS = YES_AGGRESSIVE;
				GCC_WARN_UNUSED_FUNCTION = YES;
				GCC_WARN_UNUSED_VARIABLE = YES;
				IPHONEOS_DEPLOYMENT_TARGET = 8.0;
				MTL_ENABLE_DEBUG_INFO = NO;
				SDKROOT = iphoneos;
				TARGETED_DEVICE_FAMILY = "1,2";
				VALIDATE_PRODUCT = YES;
			};
			name = Release;
		};
		3E1864B51BA85833007C8859 /* Debug */ = {
			isa = XCBuildConfiguration;
			buildSettings = {
				ALWAYS_SEARCH_USER_PATHS = NO;
				ASSETCATALOG_COMPILER_APPICON_NAME = AppIcon;
				FRAMEWORK_SEARCH_PATHS = (
					"$(inherited)",
					"$(PROJECT_DIR)",
				);
				GCC_GENERATE_TEST_COVERAGE_FILES = YES;
				GCC_INSTRUMENT_PROGRAM_FLOW_ARCS = YES;
				INFOPLIST_FILE = "Example-Static/Info.plist";
				LD_RUNPATH_SEARCH_PATHS = "$(inherited) @executable_path/Frameworks";
				OTHER_LDFLAGS = "-ObjC";
				PRODUCT_BUNDLE_IDENTIFIER = "com.yesgraph.Example-Static";
				PRODUCT_NAME = "$(TARGET_NAME)";
			};
			name = Debug;
		};
		3E1864B61BA85833007C8859 /* Release */ = {
			isa = XCBuildConfiguration;
			buildSettings = {
				ALWAYS_SEARCH_USER_PATHS = NO;
				ASSETCATALOG_COMPILER_APPICON_NAME = AppIcon;
				FRAMEWORK_SEARCH_PATHS = (
					"$(inherited)",
					"$(PROJECT_DIR)",
				);
				GCC_GENERATE_TEST_COVERAGE_FILES = YES;
				GCC_INSTRUMENT_PROGRAM_FLOW_ARCS = YES;
				INFOPLIST_FILE = "Example-Static/Info.plist";
				LD_RUNPATH_SEARCH_PATHS = "$(inherited) @executable_path/Frameworks";
				OTHER_LDFLAGS = "-ObjC";
				PRODUCT_BUNDLE_IDENTIFIER = "com.yesgraph.Example-Static";
				PRODUCT_NAME = "$(TARGET_NAME)";
			};
			name = Release;
		};
		3E1864B81BA85833007C8859 /* Debug */ = {
			isa = XCBuildConfiguration;
			buildSettings = {
				BUNDLE_LOADER = "$(TEST_HOST)";
				INFOPLIST_FILE = "Example-StaticTests/Info.plist";
				LD_RUNPATH_SEARCH_PATHS = "$(inherited) @executable_path/Frameworks @loader_path/Frameworks";
				PRODUCT_BUNDLE_IDENTIFIER = "com.yesgraph.Example-StaticTests";
				PRODUCT_NAME = "$(TARGET_NAME)";
				TEST_HOST = "$(BUILT_PRODUCTS_DIR)/Example-Static.app/Example-Static";
			};
			name = Debug;
		};
		3E1864B91BA85833007C8859 /* Release */ = {
			isa = XCBuildConfiguration;
			buildSettings = {
				BUNDLE_LOADER = "$(TEST_HOST)";
				INFOPLIST_FILE = "Example-StaticTests/Info.plist";
				LD_RUNPATH_SEARCH_PATHS = "$(inherited) @executable_path/Frameworks @loader_path/Frameworks";
				PRODUCT_BUNDLE_IDENTIFIER = "com.yesgraph.Example-StaticTests";
				PRODUCT_NAME = "$(TARGET_NAME)";
				TEST_HOST = "$(BUILT_PRODUCTS_DIR)/Example-Static.app/Example-Static";
			};
			name = Release;
		};
/* End XCBuildConfiguration section */

/* Begin XCConfigurationList section */
		3E18648D1BA85833007C8859 /* Build configuration list for PBXProject "Example-Static" */ = {
			isa = XCConfigurationList;
			buildConfigurations = (
				3E1864B21BA85833007C8859 /* Debug */,
				3E1864B31BA85833007C8859 /* Release */,
			);
			defaultConfigurationIsVisible = 0;
			defaultConfigurationName = Release;
		};
		3E1864B41BA85833007C8859 /* Build configuration list for PBXNativeTarget "Example-Static" */ = {
			isa = XCConfigurationList;
			buildConfigurations = (
				3E1864B51BA85833007C8859 /* Debug */,
				3E1864B61BA85833007C8859 /* Release */,
			);
			defaultConfigurationIsVisible = 0;
			defaultConfigurationName = Release;
		};
		3E1864B71BA85833007C8859 /* Build configuration list for PBXNativeTarget "Example-StaticTests" */ = {
			isa = XCConfigurationList;
			buildConfigurations = (
				3E1864B81BA85833007C8859 /* Debug */,
				3E1864B91BA85833007C8859 /* Release */,
			);
			defaultConfigurationIsVisible = 0;
			defaultConfigurationName = Release;
		};
/* End XCConfigurationList section */
	};
	rootObject = 3E18648A1BA85833007C8859 /* Project object */;
}
