// !$*UTF8*$!
{
	archiveVersion = 1;
	classes = {
	};
	objectVersion = 46;
	objects = {

/* Begin PBXBuildFile section */
		3E1864971BA85833007C8859 /* main.m in Sources */ = {isa = PBXBuildFile; fileRef = 3E1864961BA85833007C8859 /* main.m */; };
		3E18649A1BA85833007C8859 /* AppDelegate.m in Sources */ = {isa = PBXBuildFile; fileRef = 3E1864991BA85833007C8859 /* AppDelegate.m */; };
		3E18649D1BA85833007C8859 /* ViewController.m in Sources */ = {isa = PBXBuildFile; fileRef = 3E18649C1BA85833007C8859 /* ViewController.m */; };
		3E1864A01BA85833007C8859 /* Main.storyboard in Resources */ = {isa = PBXBuildFile; fileRef = 3E18649E1BA85833007C8859 /* Main.storyboard */; };
		3E1864A51BA85833007C8859 /* LaunchScreen.storyboard in Resources */ = {isa = PBXBuildFile; fileRef = 3E1864A31BA85833007C8859 /* LaunchScreen.storyboard */; };
		3E1864B01BA85833007C8859 /* Example_StaticTests.m in Sources */ = {isa = PBXBuildFile; fileRef = 3E1864AF1BA85833007C8859 /* Example_StaticTests.m */; };
		3E1864BC1BA858B6007C8859 /* libYesGraphSDKStatic.a in Frameworks */ = {isa = PBXBuildFile; fileRef = 3E1864BB1BA858B6007C8859 /* libYesGraphSDKStatic.a */; };
		3EFDB0B71BAC48BC00F51816 /* Images.xcassets in Resources */ = {isa = PBXBuildFile; fileRef = 3EFDB0B61BAC48BC00F51816 /* Images.xcassets */; };
		832AE8BD1BB18033003600AD /* Foundation.framework in Frameworks */ = {isa = PBXBuildFile; fileRef = 832AE8BC1BB18033003600AD /* Foundation.framework */; };
		832AE8BF1BB1803B003600AD /* UIKit.framework in Frameworks */ = {isa = PBXBuildFile; fileRef = 832AE8BE1BB1803B003600AD /* UIKit.framework */; };
		832AE8C11BB1804D003600AD /* SystemConfiguration.framework in Frameworks */ = {isa = PBXBuildFile; fileRef = 832AE8C01BB1804D003600AD /* SystemConfiguration.framework */; };
		832AE8C31BB18056003600AD /* StoreKit.framework in Frameworks */ = {isa = PBXBuildFile; fileRef = 832AE8C21BB18056003600AD /* StoreKit.framework */; };
		832AE8C51BB18065003600AD /* Social.framework in Frameworks */ = {isa = PBXBuildFile; fileRef = 832AE8C41BB18065003600AD /* Social.framework */; };
		832AE8C71BB1806D003600AD /* Security.framework in Frameworks */ = {isa = PBXBuildFile; fileRef = 832AE8C61BB1806D003600AD /* Security.framework */; };
		832AE8C91BB18074003600AD /* QuartzCore.framework in Frameworks */ = {isa = PBXBuildFile; fileRef = 832AE8C81BB18074003600AD /* QuartzCore.framework */; };
		832AE8CB1BB1807F003600AD /* MobileCoreServices.framework in Frameworks */ = {isa = PBXBuildFile; fileRef = 832AE8CA1BB1807F003600AD /* MobileCoreServices.framework */; };
		832AE8CD1BB18086003600AD /* CoreLocation.framework in Frameworks */ = {isa = PBXBuildFile; fileRef = 832AE8CC1BB18086003600AD /* CoreLocation.framework */; };
		832AE8CF1BB1808E003600AD /* CoreGraphics.framework in Frameworks */ = {isa = PBXBuildFile; fileRef = 832AE8CE1BB1808E003600AD /* CoreGraphics.framework */; };
		832AE8D11BB18096003600AD /* CFNetwork.framework in Frameworks */ = {isa = PBXBuildFile; fileRef = 832AE8D01BB18096003600AD /* CFNetwork.framework */; };
		832AE8D31BB1809E003600AD /* AdSupport.framework in Frameworks */ = {isa = PBXBuildFile; fileRef = 832AE8D21BB1809E003600AD /* AdSupport.framework */; };
		832AE8D51BB180AC003600AD /* Accounts.framework in Frameworks */ = {isa = PBXBuildFile; fileRef = 832AE8D41BB180AC003600AD /* Accounts.framework */; };
		832AE8D71BB180B3003600AD /* AudioToolbox.framework in Frameworks */ = {isa = PBXBuildFile; fileRef = 832AE8D61BB180B3003600AD /* AudioToolbox.framework */; };
		832AE8DD1BB18131003600AD /* libz.1.1.3.tbd in Frameworks */ = {isa = PBXBuildFile; fileRef = 832AE8DC1BB18131003600AD /* libz.1.1.3.tbd */; };
		832AE8DF1BB1813A003600AD /* libsqlite3.tbd in Frameworks */ = {isa = PBXBuildFile; fileRef = 832AE8DE1BB1813A003600AD /* libsqlite3.tbd */; };
		832AE8E11BB186CA003600AD /* Parse.framework in Frameworks */ = {isa = PBXBuildFile; fileRef = 832AE8E01BB186CA003600AD /* Parse.framework */; };
		832AE8E31BB186D2003600AD /* Bolts.framework in Frameworks */ = {isa = PBXBuildFile; fileRef = 832AE8E21BB186D2003600AD /* Bolts.framework */; };
/* End PBXBuildFile section */

/* Begin PBXContainerItemProxy section */
		3E1864AC1BA85833007C8859 /* PBXContainerItemProxy */ = {
			isa = PBXContainerItemProxy;
			containerPortal = 3E18648A1BA85833007C8859 /* Project object */;
			proxyType = 1;
			remoteGlobalIDString = 3E1864911BA85833007C8859;
			remoteInfo = "Example-Static";
		};
/* End PBXContainerItemProxy section */

/* Begin PBXFileReference section */
		3E1864921BA85833007C8859 /* Example-Static.app */ = {isa = PBXFileReference; explicitFileType = wrapper.application; includeInIndex = 0; path = "Example-Static.app"; sourceTree = BUILT_PRODUCTS_DIR; };
		3E1864961BA85833007C8859 /* main.m */ = {isa = PBXFileReference; lastKnownFileType = sourcecode.c.objc; path = main.m; sourceTree = "<group>"; };
		3E1864981BA85833007C8859 /* AppDelegate.h */ = {isa = PBXFileReference; lastKnownFileType = sourcecode.c.h; path = AppDelegate.h; sourceTree = "<group>"; };
		3E1864991BA85833007C8859 /* AppDelegate.m */ = {isa = PBXFileReference; lastKnownFileType = sourcecode.c.objc; path = AppDelegate.m; sourceTree = "<group>"; };
		3E18649B1BA85833007C8859 /* ViewController.h */ = {isa = PBXFileReference; lastKnownFileType = sourcecode.c.h; path = ViewController.h; sourceTree = "<group>"; };
		3E18649C1BA85833007C8859 /* ViewController.m */ = {isa = PBXFileReference; lastKnownFileType = sourcecode.c.objc; path = ViewController.m; sourceTree = "<group>"; };
		3E18649F1BA85833007C8859 /* Base */ = {isa = PBXFileReference; lastKnownFileType = file.storyboard; name = Base; path = Base.lproj/Main.storyboard; sourceTree = "<group>"; };
		3E1864A41BA85833007C8859 /* Base */ = {isa = PBXFileReference; lastKnownFileType = file.storyboard; name = Base; path = Base.lproj/LaunchScreen.storyboard; sourceTree = "<group>"; };
		3E1864A61BA85833007C8859 /* Info.plist */ = {isa = PBXFileReference; lastKnownFileType = text.plist.xml; path = Info.plist; sourceTree = "<group>"; };
		3E1864AB1BA85833007C8859 /* Example-StaticTests.xctest */ = {isa = PBXFileReference; explicitFileType = wrapper.cfbundle; includeInIndex = 0; path = "Example-StaticTests.xctest"; sourceTree = BUILT_PRODUCTS_DIR; };
		3E1864AF1BA85833007C8859 /* Example_StaticTests.m */ = {isa = PBXFileReference; lastKnownFileType = sourcecode.c.objc; path = Example_StaticTests.m; sourceTree = "<group>"; };
		3E1864B11BA85833007C8859 /* Info.plist */ = {isa = PBXFileReference; lastKnownFileType = text.plist.xml; path = Info.plist; sourceTree = "<group>"; };
		3E1864BB1BA858B6007C8859 /* libYesGraphSDKStatic.a */ = {isa = PBXFileReference; lastKnownFileType = archive.ar; name = libYesGraphSDKStatic.a; path = "../YesGraphSDK/build/Debug-iphoneos/libYesGraphSDKStatic.a"; sourceTree = "<group>"; };
		3EFDB0B61BAC48BC00F51816 /* Images.xcassets */ = {isa = PBXFileReference; lastKnownFileType = folder.assetcatalog; path = Images.xcassets; sourceTree = "<group>"; };
		832AE8BC1BB18033003600AD /* Foundation.framework */ = {isa = PBXFileReference; lastKnownFileType = wrapper.framework; name = Foundation.framework; path = System/Library/Frameworks/Foundation.framework; sourceTree = SDKROOT; };
		832AE8BE1BB1803B003600AD /* UIKit.framework */ = {isa = PBXFileReference; lastKnownFileType = wrapper.framework; name = UIKit.framework; path = System/Library/Frameworks/UIKit.framework; sourceTree = SDKROOT; };
		832AE8C01BB1804D003600AD /* SystemConfiguration.framework */ = {isa = PBXFileReference; lastKnownFileType = wrapper.framework; name = SystemConfiguration.framework; path = System/Library/Frameworks/SystemConfiguration.framework; sourceTree = SDKROOT; };
		832AE8C21BB18056003600AD /* StoreKit.framework */ = {isa = PBXFileReference; lastKnownFileType = wrapper.framework; name = StoreKit.framework; path = System/Library/Frameworks/StoreKit.framework; sourceTree = SDKROOT; };
		832AE8C41BB18065003600AD /* Social.framework */ = {isa = PBXFileReference; lastKnownFileType = wrapper.framework; name = Social.framework; path = System/Library/Frameworks/Social.framework; sourceTree = SDKROOT; };
		832AE8C61BB1806D003600AD /* Security.framework */ = {isa = PBXFileReference; lastKnownFileType = wrapper.framework; name = Security.framework; path = System/Library/Frameworks/Security.framework; sourceTree = SDKROOT; };
		832AE8C81BB18074003600AD /* QuartzCore.framework */ = {isa = PBXFileReference; lastKnownFileType = wrapper.framework; name = QuartzCore.framework; path = System/Library/Frameworks/QuartzCore.framework; sourceTree = SDKROOT; };
		832AE8CA1BB1807F003600AD /* MobileCoreServices.framework */ = {isa = PBXFileReference; lastKnownFileType = wrapper.framework; name = MobileCoreServices.framework; path = System/Library/Frameworks/MobileCoreServices.framework; sourceTree = SDKROOT; };
		832AE8CC1BB18086003600AD /* CoreLocation.framework */ = {isa = PBXFileReference; lastKnownFileType = wrapper.framework; name = CoreLocation.framework; path = System/Library/Frameworks/CoreLocation.framework; sourceTree = SDKROOT; };
		832AE8CE1BB1808E003600AD /* CoreGraphics.framework */ = {isa = PBXFileReference; lastKnownFileType = wrapper.framework; name = CoreGraphics.framework; path = System/Library/Frameworks/CoreGraphics.framework; sourceTree = SDKROOT; };
		832AE8D01BB18096003600AD /* CFNetwork.framework */ = {isa = PBXFileReference; lastKnownFileType = wrapper.framework; name = CFNetwork.framework; path = System/Library/Frameworks/CFNetwork.framework; sourceTree = SDKROOT; };
		832AE8D21BB1809E003600AD /* AdSupport.framework */ = {isa = PBXFileReference; lastKnownFileType = wrapper.framework; name = AdSupport.framework; path = System/Library/Frameworks/AdSupport.framework; sourceTree = SDKROOT; };
		832AE8D41BB180AC003600AD /* Accounts.framework */ = {isa = PBXFileReference; lastKnownFileType = wrapper.framework; name = Accounts.framework; path = System/Library/Frameworks/Accounts.framework; sourceTree = SDKROOT; };
		832AE8D61BB180B3003600AD /* AudioToolbox.framework */ = {isa = PBXFileReference; lastKnownFileType = wrapper.framework; name = AudioToolbox.framework; path = System/Library/Frameworks/AudioToolbox.framework; sourceTree = SDKROOT; };
		832AE8DC1BB18131003600AD /* libz.1.1.3.tbd */ = {isa = PBXFileReference; lastKnownFileType = "sourcecode.text-based-dylib-definition"; name = libz.1.1.3.tbd; path = usr/lib/libz.1.1.3.tbd; sourceTree = SDKROOT; };
		832AE8DE1BB1813A003600AD /* libsqlite3.tbd */ = {isa = PBXFileReference; lastKnownFileType = "sourcecode.text-based-dylib-definition"; name = libsqlite3.tbd; path = usr/lib/libsqlite3.tbd; sourceTree = SDKROOT; };
		832AE8E01BB186CA003600AD /* Parse.framework */ = {isa = PBXFileReference; lastKnownFileType = wrapper.framework; path = Parse.framework; sourceTree = "<group>"; };
		832AE8E21BB186D2003600AD /* Bolts.framework */ = {isa = PBXFileReference; lastKnownFileType = wrapper.framework; path = Bolts.framework; sourceTree = "<group>"; };
/* End PBXFileReference section */

/* Begin PBXFrameworksBuildPhase section */
		3E18648F1BA85833007C8859 /* Frameworks */ = {
			isa = PBXFrameworksBuildPhase;
			buildActionMask = 2147483647;
			files = (
				832AE8BD1BB18033003600AD /* Foundation.framework in Frameworks */,
				832AE8E31BB186D2003600AD /* Bolts.framework in Frameworks */,
				832AE8BF1BB1803B003600AD /* UIKit.framework in Frameworks */,
				832AE8C11BB1804D003600AD /* SystemConfiguration.framework in Frameworks */,
				832AE8C31BB18056003600AD /* StoreKit.framework in Frameworks */,
				832AE8C51BB18065003600AD /* Social.framework in Frameworks */,
				832AE8C71BB1806D003600AD /* Security.framework in Frameworks */,
				832AE8C91BB18074003600AD /* QuartzCore.framework in Frameworks */,
				832AE8CB1BB1807F003600AD /* MobileCoreServices.framework in Frameworks */,
				832AE8DD1BB18131003600AD /* libz.1.1.3.tbd in Frameworks */,
				832AE8DF1BB1813A003600AD /* libsqlite3.tbd in Frameworks */,
				832AE8E11BB186CA003600AD /* Parse.framework in Frameworks */,
				832AE8CD1BB18086003600AD /* CoreLocation.framework in Frameworks */,
				832AE8CF1BB1808E003600AD /* CoreGraphics.framework in Frameworks */,
				832AE8D11BB18096003600AD /* CFNetwork.framework in Frameworks */,
				832AE8D31BB1809E003600AD /* AdSupport.framework in Frameworks */,
				832AE8D51BB180AC003600AD /* Accounts.framework in Frameworks */,
				832AE8D71BB180B3003600AD /* AudioToolbox.framework in Frameworks */,
				3E1864BC1BA858B6007C8859 /* libYesGraphSDKStatic.a in Frameworks */,
			);
			runOnlyForDeploymentPostprocessing = 0;
		};
		3E1864A81BA85833007C8859 /* Frameworks */ = {
			isa = PBXFrameworksBuildPhase;
			buildActionMask = 2147483647;
			files = (
			);
			runOnlyForDeploymentPostprocessing = 0;
		};
/* End PBXFrameworksBuildPhase section */

/* Begin PBXGroup section */
		3E1864891BA85833007C8859 = {
			isa = PBXGroup;
			children = (
				3E1864941BA85833007C8859 /* Example-Static */,
				3E1864AE1BA85833007C8859 /* Example-StaticTests */,
				3E1864BA1BA85874007C8859 /* Frameworks */,
				3E1864931BA85833007C8859 /* Products */,
			);
			sourceTree = "<group>";
		};
		3E1864931BA85833007C8859 /* Products */ = {
			isa = PBXGroup;
			children = (
				3E1864921BA85833007C8859 /* Example-Static.app */,
				3E1864AB1BA85833007C8859 /* Example-StaticTests.xctest */,
			);
			name = Products;
			sourceTree = "<group>";
		};
		3E1864941BA85833007C8859 /* Example-Static */ = {
			isa = PBXGroup;
			children = (
				3EFDB0B61BAC48BC00F51816 /* Images.xcassets */,
				3E1864981BA85833007C8859 /* AppDelegate.h */,
				3E1864991BA85833007C8859 /* AppDelegate.m */,
				3E18649B1BA85833007C8859 /* ViewController.h */,
				3E18649C1BA85833007C8859 /* ViewController.m */,
				3E18649E1BA85833007C8859 /* Main.storyboard */,
				3E1864A31BA85833007C8859 /* LaunchScreen.storyboard */,
				3E1864A61BA85833007C8859 /* Info.plist */,
				3E1864951BA85833007C8859 /* Supporting Files */,
			);
			path = "Example-Static";
			sourceTree = "<group>";
		};
		3E1864951BA85833007C8859 /* Supporting Files */ = {
			isa = PBXGroup;
			children = (
				3E1864961BA85833007C8859 /* main.m */,
			);
			name = "Supporting Files";
			sourceTree = "<group>";
		};
		3E1864AE1BA85833007C8859 /* Example-StaticTests */ = {
			isa = PBXGroup;
			children = (
				3E1864AF1BA85833007C8859 /* Example_StaticTests.m */,
				3E1864B11BA85833007C8859 /* Info.plist */,
			);
			path = "Example-StaticTests";
			sourceTree = "<group>";
		};
		3E1864BA1BA85874007C8859 /* Frameworks */ = {
			isa = PBXGroup;
			children = (
				832AE8E21BB186D2003600AD /* Bolts.framework */,
				832AE8E01BB186CA003600AD /* Parse.framework */,
				832AE8DE1BB1813A003600AD /* libsqlite3.tbd */,
				832AE8DC1BB18131003600AD /* libz.1.1.3.tbd */,
				832AE8D61BB180B3003600AD /* AudioToolbox.framework */,
				832AE8D41BB180AC003600AD /* Accounts.framework */,
				832AE8D21BB1809E003600AD /* AdSupport.framework */,
				832AE8D01BB18096003600AD /* CFNetwork.framework */,
				832AE8CE1BB1808E003600AD /* CoreGraphics.framework */,
				832AE8CC1BB18086003600AD /* CoreLocation.framework */,
				832AE8CA1BB1807F003600AD /* MobileCoreServices.framework */,
				832AE8C81BB18074003600AD /* QuartzCore.framework */,
				832AE8C61BB1806D003600AD /* Security.framework */,
				832AE8C41BB18065003600AD /* Social.framework */,
				832AE8C21BB18056003600AD /* StoreKit.framework */,
				832AE8C01BB1804D003600AD /* SystemConfiguration.framework */,
				832AE8BE1BB1803B003600AD /* UIKit.framework */,
				832AE8BC1BB18033003600AD /* Foundation.framework */,
				3E1864BB1BA858B6007C8859 /* libYesGraphSDKStatic.a */,
			);
			name = Frameworks;
			sourceTree = "<group>";
		};
/* End PBXGroup section */

/* Begin PBXNativeTarget section */
		3E1864911BA85833007C8859 /* Example-Static */ = {
			isa = PBXNativeTarget;
			buildConfigurationList = 3E1864B41BA85833007C8859 /* Build configuration list for PBXNativeTarget "Example-Static" */;
			buildPhases = (
				3E18648E1BA85833007C8859 /* Sources */,
				3E18648F1BA85833007C8859 /* Frameworks */,
				3E1864901BA85833007C8859 /* Resources */,
			);
			buildRules = (
			);
			dependencies = (
			);
			name = "Example-Static";
			productName = "Example-Static";
			productReference = 3E1864921BA85833007C8859 /* Example-Static.app */;
			productType = "com.apple.product-type.application";
		};
		3E1864AA1BA85833007C8859 /* Example-StaticTests */ = {
			isa = PBXNativeTarget;
			buildConfigurationList = 3E1864B71BA85833007C8859 /* Build configuration list for PBXNativeTarget "Example-StaticTests" */;
			buildPhases = (
				3E1864A71BA85833007C8859 /* Sources */,
				3E1864A81BA85833007C8859 /* Frameworks */,
				3E1864A91BA85833007C8859 /* Resources */,
			);
			buildRules = (
			);
			dependencies = (
				3E1864AD1BA85833007C8859 /* PBXTargetDependency */,
			);
			name = "Example-StaticTests";
			productName = "Example-StaticTests";
			productReference = 3E1864AB1BA85833007C8859 /* Example-StaticTests.xctest */;
			productType = "com.apple.product-type.bundle.unit-test";
		};
/* End PBXNativeTarget section */

/* Begin PBXProject section */
		3E18648A1BA85833007C8859 /* Project object */ = {
			isa = PBXProject;
			attributes = {
				LastUpgradeCheck = 0700;
				ORGANIZATIONNAME = YesGraph;
				TargetAttributes = {
					3E1864911BA85833007C8859 = {
						CreatedOnToolsVersion = 7.0;
					};
					3E1864AA1BA85833007C8859 = {
						CreatedOnToolsVersion = 7.0;
						TestTargetID = 3E1864911BA85833007C8859;
					};
				};
			};
			buildConfigurationList = 3E18648D1BA85833007C8859 /* Build configuration list for PBXProject "Example-Static" */;
			compatibilityVersion = "Xcode 3.2";
			developmentRegion = English;
			hasScannedForEncodings = 0;
			knownRegions = (
				en,
				Base,
			);
			mainGroup = 3E1864891BA85833007C8859;
			productRefGroup = 3E1864931BA85833007C8859 /* Products */;
			projectDirPath = "";
			projectRoot = "";
			targets = (
				3E1864911BA85833007C8859 /* Example-Static */,
				3E1864AA1BA85833007C8859 /* Example-StaticTests */,
			);
		};
/* End PBXProject section */

/* Begin PBXResourcesBuildPhase section */
		3E1864901BA85833007C8859 /* Resources */ = {
			isa = PBXResourcesBuildPhase;
			buildActionMask = 2147483647;
			files = (
				3EFDB0B71BAC48BC00F51816 /* Images.xcassets in Resources */,
				3E1864A51BA85833007C8859 /* LaunchScreen.storyboard in Resources */,
				3E1864A01BA85833007C8859 /* Main.storyboard in Resources */,
			);
			runOnlyForDeploymentPostprocessing = 0;
		};
		3E1864A91BA85833007C8859 /* Resources */ = {
			isa = PBXResourcesBuildPhase;
			buildActionMask = 2147483647;
			files = (
			);
			runOnlyForDeploymentPostprocessing = 0;
		};
/* End PBXResourcesBuildPhase section */

/* Begin PBXSourcesBuildPhase section */
		3E18648E1BA85833007C8859 /* Sources */ = {
			isa = PBXSourcesBuildPhase;
			buildActionMask = 2147483647;
			files = (
				3E18649D1BA85833007C8859 /* ViewController.m in Sources */,
				3E18649A1BA85833007C8859 /* AppDelegate.m in Sources */,
				3E1864971BA85833007C8859 /* main.m in Sources */,
			);
			runOnlyForDeploymentPostprocessing = 0;
		};
		3E1864A71BA85833007C8859 /* Sources */ = {
			isa = PBXSourcesBuildPhase;
			buildActionMask = 2147483647;
			files = (
				3E1864B01BA85833007C8859 /* Example_StaticTests.m in Sources */,
			);
			runOnlyForDeploymentPostprocessing = 0;
		};
/* End PBXSourcesBuildPhase section */

/* Begin PBXTargetDependency section */
		3E1864AD1BA85833007C8859 /* PBXTargetDependency */ = {
			isa = PBXTargetDependency;
			target = 3E1864911BA85833007C8859 /* Example-Static */;
			targetProxy = 3E1864AC1BA85833007C8859 /* PBXContainerItemProxy */;
		};
/* End PBXTargetDependency section */

/* Begin PBXVariantGroup section */
		3E18649E1BA85833007C8859 /* Main.storyboard */ = {
			isa = PBXVariantGroup;
			children = (
				3E18649F1BA85833007C8859 /* Base */,
			);
			name = Main.storyboard;
			sourceTree = "<group>";
		};
		3E1864A31BA85833007C8859 /* LaunchScreen.storyboard */ = {
			isa = PBXVariantGroup;
			children = (
				3E1864A41BA85833007C8859 /* Base */,
			);
			name = LaunchScreen.storyboard;
			sourceTree = "<group>";
		};
/* End PBXVariantGroup section */

/* Begin XCBuildConfiguration section */
		3E1864B21BA85833007C8859 /* Debug */ = {
			isa = XCBuildConfiguration;
			buildSettings = {
				ALWAYS_SEARCH_USER_PATHS = NO;
				CLANG_CXX_LANGUAGE_STANDARD = "gnu++0x";
				CLANG_CXX_LIBRARY = "libc++";
				CLANG_ENABLE_MODULES = YES;
				CLANG_ENABLE_OBJC_ARC = YES;
				CLANG_WARN_BOOL_CONVERSION = YES;
				CLANG_WARN_CONSTANT_CONVERSION = YES;
				CLANG_WARN_DIRECT_OBJC_ISA_USAGE = YES_ERROR;
				CLANG_WARN_EMPTY_BODY = YES;
				CLANG_WARN_ENUM_CONVERSION = YES;
				CLANG_WARN_INT_CONVERSION = YES;
				CLANG_WARN_OBJC_ROOT_CLASS = YES_ERROR;
				CLANG_WARN_UNREACHABLE_CODE = YES;
				CLANG_WARN__DUPLICATE_METHOD_MATCH = YES;
				"CODE_SIGN_IDENTITY[sdk=iphoneos*]" = "iPhone Developer";
				COPY_PHASE_STRIP = NO;
				DEBUG_INFORMATION_FORMAT = dwarf;
				ENABLE_STRICT_OBJC_MSGSEND = YES;
				ENABLE_TESTABILITY = YES;
				GCC_C_LANGUAGE_STANDARD = gnu99;
				GCC_DYNAMIC_NO_PIC = NO;
				GCC_NO_COMMON_BLOCKS = YES;
				GCC_OPTIMIZATION_LEVEL = 0;
				GCC_PREPROCESSOR_DEFINITIONS = (
					"DEBUG=1",
					"$(inherited)",
				);
				GCC_WARN_64_TO_32_BIT_CONVERSION = YES;
				GCC_WARN_ABOUT_RETURN_TYPE = YES_ERROR;
				GCC_WARN_UNDECLARED_SELECTOR = YES;
				GCC_WARN_UNINITIALIZED_AUTOS = YES_AGGRESSIVE;
				GCC_WARN_UNUSED_FUNCTION = YES;
				GCC_WARN_UNUSED_VARIABLE = YES;
				IPHONEOS_DEPLOYMENT_TARGET = 8.0;
				MTL_ENABLE_DEBUG_INFO = YES;
				ONLY_ACTIVE_ARCH = YES;
				SDKROOT = iphoneos;
				TARGETED_DEVICE_FAMILY = "1,2";
			};
			name = Debug;
		};
		3E1864B31BA85833007C8859 /* Release */ = {
			isa = XCBuildConfiguration;
			buildSettings = {
				ALWAYS_SEARCH_USER_PATHS = NO;
				CLANG_CXX_LANGUAGE_STANDARD = "gnu++0x";
				CLANG_CXX_LIBRARY = "libc++";
				CLANG_ENABLE_MODULES = YES;
				CLANG_ENABLE_OBJC_ARC = YES;
				CLANG_WARN_BOOL_CONVERSION = YES;
				CLANG_WARN_CONSTANT_CONVERSION = YES;
				CLANG_WARN_DIRECT_OBJC_ISA_USAGE = YES_ERROR;
				CLANG_WARN_EMPTY_BODY = YES;
				CLANG_WARN_ENUM_CONVERSION = YES;
				CLANG_WARN_INT_CONVERSION = YES;
				CLANG_WARN_OBJC_ROOT_CLASS = YES_ERROR;
				CLANG_WARN_UNREACHABLE_CODE = YES;
				CLANG_WARN__DUPLICATE_METHOD_MATCH = YES;
				"CODE_SIGN_IDENTITY[sdk=iphoneos*]" = "iPhone Developer";
				COPY_PHASE_STRIP = NO;
				DEBUG_INFORMATION_FORMAT = "dwarf-with-dsym";
				ENABLE_NS_ASSERTIONS = NO;
				ENABLE_STRICT_OBJC_MSGSEND = YES;
				GCC_C_LANGUAGE_STANDARD = gnu99;
				GCC_NO_COMMON_BLOCKS = YES;
				GCC_WARN_64_TO_32_BIT_CONVERSION = YES;
				GCC_WARN_ABOUT_RETURN_TYPE = YES_ERROR;
				GCC_WARN_UNDECLARED_SELECTOR = YES;
				GCC_WARN_UNINITIALIZED_AUTOS = YES_AGGRESSIVE;
				GCC_WARN_UNUSED_FUNCTION = YES;
				GCC_WARN_UNUSED_VARIABLE = YES;
				IPHONEOS_DEPLOYMENT_TARGET = 8.0;
				MTL_ENABLE_DEBUG_INFO = NO;
				SDKROOT = iphoneos;
				TARGETED_DEVICE_FAMILY = "1,2";
				VALIDATE_PRODUCT = YES;
			};
			name = Release;
		};
		3E1864B51BA85833007C8859 /* Debug */ = {
			isa = XCBuildConfiguration;
			buildSettings = {
				ALWAYS_SEARCH_USER_PATHS = NO;
				ASSETCATALOG_COMPILER_APPICON_NAME = AppIcon;
				FRAMEWORK_SEARCH_PATHS = (
					"$(inherited)",
					"$(PROJECT_DIR)",
				);
				INFOPLIST_FILE = "Example-Static/Info.plist";
				LD_RUNPATH_SEARCH_PATHS = "$(inherited) @executable_path/Frameworks";
				OTHER_LDFLAGS = "-ObjC";
				PRODUCT_BUNDLE_IDENTIFIER = "com.yesgraph.Example-Static";
				PRODUCT_NAME = "$(TARGET_NAME)";
			};
			name = Debug;
		};
		3E1864B61BA85833007C8859 /* Release */ = {
			isa = XCBuildConfiguration;
			buildSettings = {
				ALWAYS_SEARCH_USER_PATHS = NO;
				ASSETCATALOG_COMPILER_APPICON_NAME = AppIcon;
				FRAMEWORK_SEARCH_PATHS = (
					"$(inherited)",
					"$(PROJECT_DIR)",
				);
				INFOPLIST_FILE = "Example-Static/Info.plist";
				LD_RUNPATH_SEARCH_PATHS = "$(inherited) @executable_path/Frameworks";
				OTHER_LDFLAGS = "-ObjC";
				PRODUCT_BUNDLE_IDENTIFIER = "com.yesgraph.Example-Static";
				PRODUCT_NAME = "$(TARGET_NAME)";
			};
			name = Release;
		};
		3E1864B81BA85833007C8859 /* Debug */ = {
			isa = XCBuildConfiguration;
			buildSettings = {
				BUNDLE_LOADER = "$(TEST_HOST)";
				INFOPLIST_FILE = "Example-StaticTests/Info.plist";
				LD_RUNPATH_SEARCH_PATHS = "$(inherited) @executable_path/Frameworks @loader_path/Frameworks";
				PRODUCT_BUNDLE_IDENTIFIER = "com.yesgraph.Example-StaticTests";
				PRODUCT_NAME = "$(TARGET_NAME)";
				TEST_HOST = "$(BUILT_PRODUCTS_DIR)/Example-Static.app/Example-Static";
			};
			name = Debug;
		};
		3E1864B91BA85833007C8859 /* Release */ = {
			isa = XCBuildConfiguration;
			buildSettings = {
				BUNDLE_LOADER = "$(TEST_HOST)";
				INFOPLIST_FILE = "Example-StaticTests/Info.plist";
				LD_RUNPATH_SEARCH_PATHS = "$(inherited) @executable_path/Frameworks @loader_path/Frameworks";
				PRODUCT_BUNDLE_IDENTIFIER = "com.yesgraph.Example-StaticTests";
				PRODUCT_NAME = "$(TARGET_NAME)";
				TEST_HOST = "$(BUILT_PRODUCTS_DIR)/Example-Static.app/Example-Static";
			};
			name = Release;
		};
/* End XCBuildConfiguration section */

/* Begin XCConfigurationList section */
		3E18648D1BA85833007C8859 /* Build configuration list for PBXProject "Example-Static" */ = {
			isa = XCConfigurationList;
			buildConfigurations = (
				3E1864B21BA85833007C8859 /* Debug */,
				3E1864B31BA85833007C8859 /* Release */,
			);
			defaultConfigurationIsVisible = 0;
			defaultConfigurationName = Release;
		};
		3E1864B41BA85833007C8859 /* Build configuration list for PBXNativeTarget "Example-Static" */ = {
			isa = XCConfigurationList;
			buildConfigurations = (
				3E1864B51BA85833007C8859 /* Debug */,
				3E1864B61BA85833007C8859 /* Release */,
			);
			defaultConfigurationIsVisible = 0;
			defaultConfigurationName = Release;
		};
		3E1864B71BA85833007C8859 /* Build configuration list for PBXNativeTarget "Example-StaticTests" */ = {
			isa = XCConfigurationList;
			buildConfigurations = (
				3E1864B81BA85833007C8859 /* Debug */,
				3E1864B91BA85833007C8859 /* Release */,
			);
			defaultConfigurationIsVisible = 0;
			defaultConfigurationName = Release;
		};
/* End XCConfigurationList section */
	};
	rootObject = 3E18648A1BA85833007C8859 /* Project object */;
}
